<?xml version="1.0" encoding="utf-8"?>
<Project ToolsVersion="4.0" xmlns="http://schemas.microsoft.com/developer/msbuild/2003">
  <ItemGroup>
    <ClCompile Include="src\Game.cpp" />
    <ClCompile Include="src\StationaryStrategy.cpp">
      <Filter>Actors\Strategies</Filter>
    </ClCompile>
    <ClCompile Include="src\MoveAction.cpp">
      <Filter>Input\Actions</Filter>
    </ClCompile>
    <ClCompile Include="src\AnimatingStrategy.cpp">
      <Filter>Actors\Strategies</Filter>
    </ClCompile>
    <ClCompile Include="GeneratedFiles\GeneratedReflectionCode.cpp">
      <Filter>GeneratedFiles</Filter>
    </ClCompile>
    <ClCompile Include="src\main.cpp" />
  </ItemGroup>
  <ItemGroup>
    <Filter Include="Actors">
      <UniqueIdentifier>{a87c0d0c-52b5-470a-8704-a757e879ec2f}</UniqueIdentifier>
    </Filter>
    <Filter Include="Actors\Strategies">
      <UniqueIdentifier>{d08ac1df-4886-4756-b41c-c4f54b5e7d36}</UniqueIdentifier>
    </Filter>
    <Filter Include="Input">
      <UniqueIdentifier>{b8320887-3da3-409e-90f6-256bcf29be6c}</UniqueIdentifier>
    </Filter>
    <Filter Include="Input\Actions">
      <UniqueIdentifier>{77f54d0d-34ff-45c5-b396-a8e1aebe19a4}</UniqueIdentifier>
    </Filter>
    <Filter Include="GeneratedFiles">
      <UniqueIdentifier>{26b39153-9f4c-421e-89f4-2b06f909e724}</UniqueIdentifier>
    </Filter>
  </ItemGroup>
  <ItemGroup>
    <ClInclude Include="src\Game.h" />
    <ClInclude Include="src\StationaryStrategy.h">
      <Filter>Actors\Strategies</Filter>
    </ClInclude>
    <ClInclude Include="src\MoveAction.h">
      <Filter>Input\Actions</Filter>
    </ClInclude>
    <ClInclude Include="src\AnimatingStrategy.h">
      <Filter>Actors\Strategies</Filter>
    </ClInclude>
  </ItemGroup>
</Project>