Microsoft Visual Studio Solution File, Format Version 12.00
# Visual Studio 2013
VisualStudioVersion = 12.0.21005.1
MinimumVisualStudioVersion = 10.0.40219.1
Project("{8BC9CEB8-8B4A-11D0-8D11-00A0C91BC942}") = "Game_Engine", "Engine\Game Engine.vcxproj", "{3167A812-5D2C-4EE9-ACFD-F0E959384755}"
	ProjectSection(ProjectDependencies) = postProject
		{5ACE6300-6196-4C7D-81CB-9AF09421C312} = {5ACE6300-6196-4C7D-81CB-9AF09421C312}
		{17C3E42C-647C-4130-ACD9-0D7E3BEADA57} = {17C3E42C-647C-4130-ACD9-0D7E3BEADA57}
		{AF0D953C-BE31-4F51-96BF-6649C455A2BE} = {AF0D953C-BE31-4F51-96BF-6649C455A2BE}
		{1E0C6240-1FED-472F-B8BE-3D9000CD2E03} = {1E0C6240-1FED-472F-B8BE-3D9000CD2E03}
		{4DA03747-F505-4A98-9124-03B3B73B9B3B} = {4DA03747-F505-4A98-9124-03B3B73B9B3B}
		{5122B556-8547-48D7-ACF6-1466C0180FF4} = {5122B556-8547-48D7-ACF6-1466C0180FF4}
		{F980F363-FCC0-44D2-AE62-83BF4476C968} = {F980F363-FCC0-44D2-AE62-83BF4476C968}
		{540CCF66-B6E2-44E9-AA68-5C8EA19DB298} = {540CCF66-B6E2-44E9-AA68-5C8EA19DB298}
		{672888D1-69C6-4D12-8757-F8B4684A1FF2} = {672888D1-69C6-4D12-8757-F8B4684A1FF2}
		{ADDFF1E2-C5D4-4217-A5B3-96ECED2C3584} = {ADDFF1E2-C5D4-4217-A5B3-96ECED2C3584}
	EndProjectSection
EndProject
Project("{8BC9CEB8-8B4A-11D0-8D11-00A0C91BC942}") = "FileSystem", "File_System\File_System.vcxproj", "{5ACE6300-6196-4C7D-81CB-9AF09421C312}"
	ProjectSection(ProjectDependencies) = postProject
		{AF0D953C-BE31-4F51-96BF-6649C455A2BE} = {AF0D953C-BE31-4F51-96BF-6649C455A2BE}
	EndProjectSection
EndProject
Project("{8BC9CEB8-8B4A-11D0-8D11-00A0C91BC942}") = "GL3W", "GL3W\GL3W.vcxproj", "{ADDFF1E2-C5D4-4217-A5B3-96ECED2C3584}"
	ProjectSection(ProjectDependencies) = postProject
		{4DA03747-F505-4A98-9124-03B3B73B9B3B} = {4DA03747-F505-4A98-9124-03B3B73B9B3B}
	EndProjectSection
EndProject
Project("{8BC9CEB8-8B4A-11D0-8D11-00A0C91BC942}") = "GLFW", "GLFW\GLFW.vcxproj", "{4DA03747-F505-4A98-9124-03B3B73B9B3B}"
EndProject
Project("{8BC9CEB8-8B4A-11D0-8D11-00A0C91BC942}") = "MathEngine", "Math\MathEngine.vcxproj", "{5122B556-8547-48D7-ACF6-1466C0180FF4}"
	ProjectSection(ProjectDependencies) = postProject
		{AF0D953C-BE31-4F51-96BF-6649C455A2BE} = {AF0D953C-BE31-4F51-96BF-6649C455A2BE}
	EndProjectSection
EndProject
Project("{8BC9CEB8-8B4A-11D0-8D11-00A0C91BC942}") = "Memory", "Memory_System\Memory_System.vcxproj", "{1E0C6240-1FED-472F-B8BE-3D9000CD2E03}"
	ProjectSection(ProjectDependencies) = postProject
		{AF0D953C-BE31-4F51-96BF-6649C455A2BE} = {AF0D953C-BE31-4F51-96BF-6649C455A2BE}
	EndProjectSection
EndProject
Project("{8BC9CEB8-8B4A-11D0-8D11-00A0C91BC942}") = "ObjectManagement", "Object_Management\ObjectManagement.vcxproj", "{540CCF66-B6E2-44E9-AA68-5C8EA19DB298}"
	ProjectSection(ProjectDependencies) = postProject
		{AF0D953C-BE31-4F51-96BF-6649C455A2BE} = {AF0D953C-BE31-4F51-96BF-6649C455A2BE}
	EndProjectSection
EndProject
Project("{8BC9CEB8-8B4A-11D0-8D11-00A0C91BC942}") = "PCSTree", "PCS_Tree\PCSTree.vcxproj", "{17C3E42C-647C-4130-ACD9-0D7E3BEADA57}"
	ProjectSection(ProjectDependencies) = postProject
		{AF0D953C-BE31-4F51-96BF-6649C455A2BE} = {AF0D953C-BE31-4F51-96BF-6649C455A2BE}
	EndProjectSection
EndProject
Project("{8BC9CEB8-8B4A-11D0-8D11-00A0C91BC942}") = "Archive_Reader", "Archive\Archive_Reader\Archive_Reader.vcxproj", "{672888D1-69C6-4D12-8757-F8B4684A1FF2}"
	ProjectSection(ProjectDependencies) = postProject
		{5ACE6300-6196-4C7D-81CB-9AF09421C312} = {5ACE6300-6196-4C7D-81CB-9AF09421C312}
		{AF0D953C-BE31-4F51-96BF-6649C455A2BE} = {AF0D953C-BE31-4F51-96BF-6649C455A2BE}
	EndProjectSection
EndProject
Project("{8BC9CEB8-8B4A-11D0-8D11-00A0C91BC942}") = "Time", "Time\Time.vcxproj", "{F980F363-FCC0-44D2-AE62-83BF4476C968}"
EndProject
Project("{8BC9CEB8-8B4A-11D0-8D11-00A0C91BC942}") = "ModelConverter", "Model_Converter\Model_Converter.vcxproj", "{55284A45-BC03-427B-9810-E8B55973295F}"
	ProjectSection(ProjectDependencies) = postProject
		{2109EE02-749C-4859-B841-AAD804974946} = {2109EE02-749C-4859-B841-AAD804974946}
		{AF0D953C-BE31-4F51-96BF-6649C455A2BE} = {AF0D953C-BE31-4F51-96BF-6649C455A2BE}
		{5122B556-8547-48D7-ACF6-1466C0180FF4} = {5122B556-8547-48D7-ACF6-1466C0180FF4}
		{97983366-AD76-46D6-B974-4169F4FE13A0} = {97983366-AD76-46D6-B974-4169F4FE13A0}
	EndProjectSection
EndProject
Project("{2150E333-8FDC-42A3-9474-1A3956D46DE8}") = "Archive", "Archive", "{3A81F48C-A4C0-4BAC-9A0B-75531F4586C6}"
EndProject
Project("{8BC9CEB8-8B4A-11D0-8D11-00A0C91BC942}") = "Chunkify", "Archive\Chunkify\Chunkify.vcxproj", "{2109EE02-749C-4859-B841-AAD804974946}"
	ProjectSection(ProjectDependencies) = postProject
		{AF0D953C-BE31-4F51-96BF-6649C455A2BE} = {AF0D953C-BE31-4F51-96BF-6649C455A2BE}
	EndProjectSection
EndProject
Project("{8BC9CEB8-8B4A-11D0-8D11-00A0C91BC942}") = "Unify", "Archive\Unify\Unify.vcxproj", "{97983366-AD76-46D6-B974-4169F4FE13A0}"
	ProjectSection(ProjectDependencies) = postProject
		{AF0D953C-BE31-4F51-96BF-6649C455A2BE} = {AF0D953C-BE31-4F51-96BF-6649C455A2BE}
	EndProjectSection
EndProject
Project("{8BC9CEB8-8B4A-11D0-8D11-00A0C91BC942}") = "Shared", "Shared\Shared.vcxproj", "{AF0D953C-BE31-4F51-96BF-6649C455A2BE}"
EndProject
Global
	GlobalSection(SolutionConfigurationPlatforms) = preSolution
		Debug|Win32 = Debug|Win32
		Release|Win32 = Release|Win32
	EndGlobalSection
	GlobalSection(ProjectConfigurationPlatforms) = postSolution
		{3167A812-5D2C-4EE9-ACFD-F0E959384755}.Debug|Win32.ActiveCfg = Debug|Win32
		{3167A812-5D2C-4EE9-ACFD-F0E959384755}.Debug|Win32.Build.0 = Debug|Win32
		{3167A812-5D2C-4EE9-ACFD-F0E959384755}.Release|Win32.ActiveCfg = Release|Win32
		{3167A812-5D2C-4EE9-ACFD-F0E959384755}.Release|Win32.Build.0 = Release|Win32
		{5ACE6300-6196-4C7D-81CB-9AF09421C312}.Debug|Win32.ActiveCfg = Debug|Win32
		{5ACE6300-6196-4C7D-81CB-9AF09421C312}.Debug|Win32.Build.0 = Debug|Win32
		{5ACE6300-6196-4C7D-81CB-9AF09421C312}.Release|Win32.ActiveCfg = Release|Win32
		{5ACE6300-6196-4C7D-81CB-9AF09421C312}.Release|Win32.Build.0 = Release|Win32
		{ADDFF1E2-C5D4-4217-A5B3-96ECED2C3584}.Debug|Win32.ActiveCfg = Debug|Win32
		{ADDFF1E2-C5D4-4217-A5B3-96ECED2C3584}.Debug|Win32.Build.0 = Debug|Win32
		{ADDFF1E2-C5D4-4217-A5B3-96ECED2C3584}.Release|Win32.ActiveCfg = Release|Win32
		{ADDFF1E2-C5D4-4217-A5B3-96ECED2C3584}.Release|Win32.Build.0 = Release|Win32
		{4DA03747-F505-4A98-9124-03B3B73B9B3B}.Debug|Win32.ActiveCfg = Debug|Win32
		{4DA03747-F505-4A98-9124-03B3B73B9B3B}.Debug|Win32.Build.0 = Debug|Win32
		{4DA03747-F505-4A98-9124-03B3B73B9B3B}.Release|Win32.ActiveCfg = Release|Win32
		{4DA03747-F505-4A98-9124-03B3B73B9B3B}.Release|Win32.Build.0 = Release|Win32
		{5122B556-8547-48D7-ACF6-1466C0180FF4}.Debug|Win32.ActiveCfg = Debug|Win32
		{5122B556-8547-48D7-ACF6-1466C0180FF4}.Debug|Win32.Build.0 = Debug|Win32
		{5122B556-8547-48D7-ACF6-1466C0180FF4}.Release|Win32.ActiveCfg = Release|Win32
		{5122B556-8547-48D7-ACF6-1466C0180FF4}.Release|Win32.Build.0 = Release|Win32
		{1E0C6240-1FED-472F-B8BE-3D9000CD2E03}.Debug|Win32.ActiveCfg = Debug|Win32
		{1E0C6240-1FED-472F-B8BE-3D9000CD2E03}.Debug|Win32.Build.0 = Debug|Win32
		{1E0C6240-1FED-472F-B8BE-3D9000CD2E03}.Release|Win32.ActiveCfg = Release|Win32
		{1E0C6240-1FED-472F-B8BE-3D9000CD2E03}.Release|Win32.Build.0 = Release|Win32
		{540CCF66-B6E2-44E9-AA68-5C8EA19DB298}.Debug|Win32.ActiveCfg = Debug|Win32
		{540CCF66-B6E2-44E9-AA68-5C8EA19DB298}.Debug|Win32.Build.0 = Debug|Win32
		{540CCF66-B6E2-44E9-AA68-5C8EA19DB298}.Release|Win32.ActiveCfg = Release|Win32
		{540CCF66-B6E2-44E9-AA68-5C8EA19DB298}.Release|Win32.Build.0 = Release|Win32
		{17C3E42C-647C-4130-ACD9-0D7E3BEADA57}.Debug|Win32.ActiveCfg = Debug|Win32
		{17C3E42C-647C-4130-ACD9-0D7E3BEADA57}.Debug|Win32.Build.0 = Debug|Win32
		{17C3E42C-647C-4130-ACD9-0D7E3BEADA57}.Release|Win32.ActiveCfg = Release|Win32
		{17C3E42C-647C-4130-ACD9-0D7E3BEADA57}.Release|Win32.Build.0 = Release|Win32
		{672888D1-69C6-4D12-8757-F8B4684A1FF2}.Debug|Win32.ActiveCfg = Debug|Win32
		{672888D1-69C6-4D12-8757-F8B4684A1FF2}.Debug|Win32.Build.0 = Debug|Win32
		{672888D1-69C6-4D12-8757-F8B4684A1FF2}.Release|Win32.ActiveCfg = Release|Win32
		{672888D1-69C6-4D12-8757-F8B4684A1FF2}.Release|Win32.Build.0 = Release|Win32
		{F980F363-FCC0-44D2-AE62-83BF4476C968}.Debug|Win32.ActiveCfg = Debug|Win32
		{F980F363-FCC0-44D2-AE62-83BF4476C968}.Debug|Win32.Build.0 = Debug|Win32
		{F980F363-FCC0-44D2-AE62-83BF4476C968}.Release|Win32.ActiveCfg = Release|Win32
		{F980F363-FCC0-44D2-AE62-83BF4476C968}.Release|Win32.Build.0 = Release|Win32
		{55284A45-BC03-427B-9810-E8B55973295F}.Debug|Win32.ActiveCfg = Debug|Win32
		{55284A45-BC03-427B-9810-E8B55973295F}.Debug|Win32.Build.0 = Debug|Win32
		{55284A45-BC03-427B-9810-E8B55973295F}.Release|Win32.ActiveCfg = Release|Win32
		{55284A45-BC03-427B-9810-E8B55973295F}.Release|Win32.Build.0 = Release|Win32
		{2109EE02-749C-4859-B841-AAD804974946}.Debug|Win32.ActiveCfg = Debug|Win32
		{2109EE02-749C-4859-B841-AAD804974946}.Debug|Win32.Build.0 = Debug|Win32
		{2109EE02-749C-4859-B841-AAD804974946}.Release|Win32.ActiveCfg = Release|Win32
		{2109EE02-749C-4859-B841-AAD804974946}.Release|Win32.Build.0 = Release|Win32
		{97983366-AD76-46D6-B974-4169F4FE13A0}.Debug|Win32.ActiveCfg = Debug|Win32
		{97983366-AD76-46D6-B974-4169F4FE13A0}.Debug|Win32.Build.0 = Debug|Win32
		{97983366-AD76-46D6-B974-4169F4FE13A0}.Release|Win32.ActiveCfg = Release|Win32
		{97983366-AD76-46D6-B974-4169F4FE13A0}.Release|Win32.Build.0 = Release|Win32
		{AF0D953C-BE31-4F51-96BF-6649C455A2BE}.Debug|Win32.ActiveCfg = Debug|Win32
		{AF0D953C-BE31-4F51-96BF-6649C455A2BE}.Debug|Win32.Build.0 = Debug|Win32
		{AF0D953C-BE31-4F51-96BF-6649C455A2BE}.Release|Win32.ActiveCfg = Release|Win32
		{AF0D953C-BE31-4F51-96BF-6649C455A2BE}.Release|Win32.Build.0 = Release|Win32
	EndGlobalSection
	GlobalSection(SolutionProperties) = preSolution
		HideSolutionNode = FALSE
	EndGlobalSection
	GlobalSection(NestedProjects) = preSolution
		{672888D1-69C6-4D12-8757-F8B4684A1FF2} = {3A81F48C-A4C0-4BAC-9A0B-75531F4586C6}
		{2109EE02-749C-4859-B841-AAD804974946} = {3A81F48C-A4C0-4BAC-9A0B-75531F4586C6}
		{97983366-AD76-46D6-B974-4169F4FE13A0} = {3A81F48C-A4C0-4BAC-9A0B-75531F4586C6}
	EndGlobalSection
EndGlobal
