Microsoft Visual Studio Solution File, Format Version 12.00
# Visual Studio 2013
VisualStudioVersion = 12.0.40629.0
MinimumVisualStudioVersion = 10.0.40219.1
Project("{8BC9CEB8-8B4A-11D0-8D11-00A0C91BC942}") = "Game", "Game\Game.vcxproj", "{3167A812-5D2C-4EE9-ACFD-F0E959384755}"
	ProjectSection(ProjectDependencies) = postProject
		{5ACE6300-6196-4C7D-81CB-9AF09421C312} = {5ACE6300-6196-4C7D-81CB-9AF09421C312}
		{17C3E42C-647C-4130-ACD9-0D7E3BEADA57} = {17C3E42C-647C-4130-ACD9-0D7E3BEADA57}
		{AF0D953C-BE31-4F51-96BF-6649C455A2BE} = {AF0D953C-BE31-4F51-96BF-6649C455A2BE}
		{1E0C6240-1FED-472F-B8BE-3D9000CD2E03} = {1E0C6240-1FED-472F-B8BE-3D9000CD2E03}
		{5122B556-8547-48D7-ACF6-1466C0180FF4} = {5122B556-8547-48D7-ACF6-1466C0180FF4}
		{F980F363-FCC0-44D2-AE62-83BF4476C968} = {F980F363-FCC0-44D2-AE62-83BF4476C968}
		{540CCF66-B6E2-44E9-AA68-5C8EA19DB298} = {540CCF66-B6E2-44E9-AA68-5C8EA19DB298}
		{79BCF27D-423A-4F38-AA27-8C2E1BA4E525} = {79BCF27D-423A-4F38-AA27-8C2E1BA4E525}
		{4067ADA5-F2DD-4C7A-94D9-763F0FD223A7} = {4067ADA5-F2DD-4C7A-94D9-763F0FD223A7}
		{672888D1-69C6-4D12-8757-F8B4684A1FF2} = {672888D1-69C6-4D12-8757-F8B4684A1FF2}
	EndProjectSection
EndProject
Project("{8BC9CEB8-8B4A-11D0-8D11-00A0C91BC942}") = "File_System", "File_System\File_System.vcxproj", "{5ACE6300-6196-4C7D-81CB-9AF09421C312}"
EndProject
Project("{8BC9CEB8-8B4A-11D0-8D11-00A0C91BC942}") = "Math_Engine", "Math_Engine\Math_Engine.vcxproj", "{5122B556-8547-48D7-ACF6-1466C0180FF4}"
EndProject
Project("{8BC9CEB8-8B4A-11D0-8D11-00A0C91BC942}") = "Memory_System", "Memory_System\Memory_System.vcxproj", "{1E0C6240-1FED-472F-B8BE-3D9000CD2E03}"
EndProject
Project("{8BC9CEB8-8B4A-11D0-8D11-00A0C91BC942}") = "Object_Management", "Object_Management\Object_Management.vcxproj", "{540CCF66-B6E2-44E9-AA68-5C8EA19DB298}"
EndProject
Project("{8BC9CEB8-8B4A-11D0-8D11-00A0C91BC942}") = "PCS_Tree", "PCS_Tree\PCS_Tree.vcxproj", "{17C3E42C-647C-4130-ACD9-0D7E3BEADA57}"
EndProject
Project("{8BC9CEB8-8B4A-11D0-8D11-00A0C91BC942}") = "Archive_Reader", "Archive_Reader\Archive_Reader.vcxproj", "{672888D1-69C6-4D12-8757-F8B4684A1FF2}"
EndProject
Project("{8BC9CEB8-8B4A-11D0-8D11-00A0C91BC942}") = "Time", "Time\Time.vcxproj", "{F980F363-FCC0-44D2-AE62-83BF4476C968}"
EndProject
Project("{8BC9CEB8-8B4A-11D0-8D11-00A0C91BC942}") = "Model_Converter", "Model_Converter\Model_Converter.vcxproj", "{55284A45-BC03-427B-9810-E8B55973295F}"
	ProjectSection(ProjectDependencies) = postProject
		{2109EE02-749C-4859-B841-AAD804974946} = {2109EE02-749C-4859-B841-AAD804974946}
		{AF0D953C-BE31-4F51-96BF-6649C455A2BE} = {AF0D953C-BE31-4F51-96BF-6649C455A2BE}
		{5122B556-8547-48D7-ACF6-1466C0180FF4} = {5122B556-8547-48D7-ACF6-1466C0180FF4}
		{97983366-AD76-46D6-B974-4169F4FE13A0} = {97983366-AD76-46D6-B974-4169F4FE13A0}
	EndProjectSection
EndProject
Project("{8BC9CEB8-8B4A-11D0-8D11-00A0C91BC942}") = "Chunkify", "Chunkify\Chunkify.vcxproj", "{2109EE02-749C-4859-B841-AAD804974946}"
	ProjectSection(ProjectDependencies) = postProject
		{AF0D953C-BE31-4F51-96BF-6649C455A2BE} = {AF0D953C-BE31-4F51-96BF-6649C455A2BE}
	EndProjectSection
EndProject
Project("{8BC9CEB8-8B4A-11D0-8D11-00A0C91BC942}") = "Unify", "Unify\Unify.vcxproj", "{97983366-AD76-46D6-B974-4169F4FE13A0}"
	ProjectSection(ProjectDependencies) = postProject
		{AF0D953C-BE31-4F51-96BF-6649C455A2BE} = {AF0D953C-BE31-4F51-96BF-6649C455A2BE}
	EndProjectSection
EndProject
Project("{8BC9CEB8-8B4A-11D0-8D11-00A0C91BC942}") = "Shared", "Shared\Shared.vcxproj", "{AF0D953C-BE31-4F51-96BF-6649C455A2BE}"
EndProject
Project("{8BC9CEB8-8B4A-11D0-8D11-00A0C91BC942}") = "Reflection_Tool", "Reflection_Tool\Reflection_Tool.vcxproj", "{D5D797DD-0259-48B8-86A2-B68C865BFB55}"
	ProjectSection(ProjectDependencies) = postProject
		{5ACE6300-6196-4C7D-81CB-9AF09421C312} = {5ACE6300-6196-4C7D-81CB-9AF09421C312}
		{3A71BE2A-7B37-4566-8D39-DD3FD89C6C0A} = {3A71BE2A-7B37-4566-8D39-DD3FD89C6C0A}
		{AF0D953C-BE31-4F51-96BF-6649C455A2BE} = {AF0D953C-BE31-4F51-96BF-6649C455A2BE}
	EndProjectSection
EndProject
Project("{8BC9CEB8-8B4A-11D0-8D11-00A0C91BC942}") = "Reflection_Headers", "Reflection_Headers\Reflection_Headers.vcxproj", "{79BCF27D-423A-4F38-AA27-8C2E1BA4E525}"
EndProject
Project("{8BC9CEB8-8B4A-11D0-8D11-00A0C91BC942}") = "TinyXML", "TinyXML\TinyXML.vcxproj", "{3A71BE2A-7B37-4566-8D39-DD3FD89C6C0A}"
EndProject
Project("{8BC9CEB8-8B4A-11D0-8D11-00A0C91BC942}") = "Engine", "Engine\Engine.vcxproj", "{4067ADA5-F2DD-4C7A-94D9-763F0FD223A7}"
EndProject
Project("{8BC9CEB8-8B4A-11D0-8D11-00A0C91BC942}") = "Editor", "Editor\Editor.vcxproj", "{2709ED34-EE40-4C0A-89B8-FF945CB4842D}"
EndProject
Project("{2150E333-8FDC-42A3-9474-1A3956D46DE8}") = "Serialization", "Serialization", "{CA01F63B-CD61-4051-8E99-2A2A245F0DFC}"
EndProject
Project("{2150E333-8FDC-42A3-9474-1A3956D46DE8}") = "Tools", "Tools", "{3DDC63F1-A9D2-4A2D-9021-1995474C1324}"
EndProject
Project("{8BC9CEB8-8B4A-11D0-8D11-00A0C91BC942}") = "DirectXTex", "DirectXTex\DirectXTex.vcxproj", "{D2957915-F885-4644-BF73-B13C151D2A80}"
EndProject
Project("{FAE04EC0-301F-11D3-BF4B-00C04F79EFBC}") = "Browser", "Browser\Browser.csproj", "{210F2AAE-4670-427E-BDEB-BAC085068B39}"
EndProject
Project("{8BC9CEB8-8B4A-11D0-8D11-00A0C91BC942}") = "BrowserCLI", "BrowserCLI\BrowserCLI.vcxproj", "{8AC27D89-17E9-4DC4-896C-5BFAFDDC4A41}"
EndProject
Project("{8BC9CEB8-8B4A-11D0-8D11-00A0C91BC942}") = "Logging_System", "Logging_System\Logging_System.vcxproj", "{8A7A52BB-27FA-4E49-93CC-B046C1B6AF30}"
EndProject
Global
	GlobalSection(SolutionConfigurationPlatforms) = preSolution
		Debug|Win32 = Debug|Win32
		Release|Win32 = Release|Win32
		Tool DBG|Win32 = Tool DBG|Win32
		Tools|Win32 = Tools|Win32
	EndGlobalSection
	GlobalSection(ProjectConfigurationPlatforms) = postSolution
		{3167A812-5D2C-4EE9-ACFD-F0E959384755}.Debug|Win32.ActiveCfg = Debug|Win32
		{3167A812-5D2C-4EE9-ACFD-F0E959384755}.Debug|Win32.Build.0 = Debug|Win32
		{3167A812-5D2C-4EE9-ACFD-F0E959384755}.Release|Win32.ActiveCfg = Release|Win32
		{3167A812-5D2C-4EE9-ACFD-F0E959384755}.Release|Win32.Build.0 = Release|Win32
		{3167A812-5D2C-4EE9-ACFD-F0E959384755}.Tool DBG|Win32.ActiveCfg = Debug|Win32
		{3167A812-5D2C-4EE9-ACFD-F0E959384755}.Tools|Win32.ActiveCfg = Release|Win32
		{5ACE6300-6196-4C7D-81CB-9AF09421C312}.Debug|Win32.ActiveCfg = Debug|Win32
		{5ACE6300-6196-4C7D-81CB-9AF09421C312}.Debug|Win32.Build.0 = Debug|Win32
		{5ACE6300-6196-4C7D-81CB-9AF09421C312}.Release|Win32.ActiveCfg = Release|Win32
		{5ACE6300-6196-4C7D-81CB-9AF09421C312}.Release|Win32.Build.0 = Release|Win32
		{5ACE6300-6196-4C7D-81CB-9AF09421C312}.Tool DBG|Win32.ActiveCfg = Debug|Win32
		{5ACE6300-6196-4C7D-81CB-9AF09421C312}.Tool DBG|Win32.Build.0 = Debug|Win32
		{5ACE6300-6196-4C7D-81CB-9AF09421C312}.Tools|Win32.ActiveCfg = Release|Win32
		{5ACE6300-6196-4C7D-81CB-9AF09421C312}.Tools|Win32.Build.0 = Release|Win32
		{5122B556-8547-48D7-ACF6-1466C0180FF4}.Debug|Win32.ActiveCfg = Debug|Win32
		{5122B556-8547-48D7-ACF6-1466C0180FF4}.Debug|Win32.Build.0 = Debug|Win32
		{5122B556-8547-48D7-ACF6-1466C0180FF4}.Release|Win32.ActiveCfg = Release|Win32
		{5122B556-8547-48D7-ACF6-1466C0180FF4}.Release|Win32.Build.0 = Release|Win32
		{5122B556-8547-48D7-ACF6-1466C0180FF4}.Tool DBG|Win32.ActiveCfg = Debug|Win32
		{5122B556-8547-48D7-ACF6-1466C0180FF4}.Tool DBG|Win32.Build.0 = Debug|Win32
		{5122B556-8547-48D7-ACF6-1466C0180FF4}.Tools|Win32.ActiveCfg = Release|Win32
		{5122B556-8547-48D7-ACF6-1466C0180FF4}.Tools|Win32.Build.0 = Release|Win32
		{1E0C6240-1FED-472F-B8BE-3D9000CD2E03}.Debug|Win32.ActiveCfg = Debug|Win32
		{1E0C6240-1FED-472F-B8BE-3D9000CD2E03}.Debug|Win32.Build.0 = Debug|Win32
		{1E0C6240-1FED-472F-B8BE-3D9000CD2E03}.Release|Win32.ActiveCfg = Release|Win32
		{1E0C6240-1FED-472F-B8BE-3D9000CD2E03}.Release|Win32.Build.0 = Release|Win32
		{1E0C6240-1FED-472F-B8BE-3D9000CD2E03}.Tool DBG|Win32.ActiveCfg = Debug|Win32
		{1E0C6240-1FED-472F-B8BE-3D9000CD2E03}.Tool DBG|Win32.Build.0 = Debug|Win32
		{1E0C6240-1FED-472F-B8BE-3D9000CD2E03}.Tools|Win32.ActiveCfg = Release|Win32
		{1E0C6240-1FED-472F-B8BE-3D9000CD2E03}.Tools|Win32.Build.0 = Release|Win32
		{540CCF66-B6E2-44E9-AA68-5C8EA19DB298}.Debug|Win32.ActiveCfg = Debug|Win32
		{540CCF66-B6E2-44E9-AA68-5C8EA19DB298}.Debug|Win32.Build.0 = Debug|Win32
		{540CCF66-B6E2-44E9-AA68-5C8EA19DB298}.Release|Win32.ActiveCfg = Release|Win32
		{540CCF66-B6E2-44E9-AA68-5C8EA19DB298}.Release|Win32.Build.0 = Release|Win32
		{540CCF66-B6E2-44E9-AA68-5C8EA19DB298}.Tool DBG|Win32.ActiveCfg = Debug|Win32
		{540CCF66-B6E2-44E9-AA68-5C8EA19DB298}.Tools|Win32.ActiveCfg = Release|Win32
		{17C3E42C-647C-4130-ACD9-0D7E3BEADA57}.Debug|Win32.ActiveCfg = Debug|Win32
		{17C3E42C-647C-4130-ACD9-0D7E3BEADA57}.Debug|Win32.Build.0 = Debug|Win32
		{17C3E42C-647C-4130-ACD9-0D7E3BEADA57}.Release|Win32.ActiveCfg = Release|Win32
		{17C3E42C-647C-4130-ACD9-0D7E3BEADA57}.Release|Win32.Build.0 = Release|Win32
		{17C3E42C-647C-4130-ACD9-0D7E3BEADA57}.Tool DBG|Win32.ActiveCfg = Debug|Win32
		{17C3E42C-647C-4130-ACD9-0D7E3BEADA57}.Tools|Win32.ActiveCfg = Release|Win32
		{672888D1-69C6-4D12-8757-F8B4684A1FF2}.Debug|Win32.ActiveCfg = Debug|Win32
		{672888D1-69C6-4D12-8757-F8B4684A1FF2}.Debug|Win32.Build.0 = Debug|Win32
		{672888D1-69C6-4D12-8757-F8B4684A1FF2}.Release|Win32.ActiveCfg = Release|Win32
		{672888D1-69C6-4D12-8757-F8B4684A1FF2}.Release|Win32.Build.0 = Release|Win32
		{672888D1-69C6-4D12-8757-F8B4684A1FF2}.Tool DBG|Win32.ActiveCfg = Debug|Win32
		{672888D1-69C6-4D12-8757-F8B4684A1FF2}.Tools|Win32.ActiveCfg = Release|Win32
		{F980F363-FCC0-44D2-AE62-83BF4476C968}.Debug|Win32.ActiveCfg = Debug|Win32
		{F980F363-FCC0-44D2-AE62-83BF4476C968}.Debug|Win32.Build.0 = Debug|Win32
		{F980F363-FCC0-44D2-AE62-83BF4476C968}.Release|Win32.ActiveCfg = Release|Win32
		{F980F363-FCC0-44D2-AE62-83BF4476C968}.Release|Win32.Build.0 = Release|Win32
		{F980F363-FCC0-44D2-AE62-83BF4476C968}.Tool DBG|Win32.ActiveCfg = Debug|Win32
		{F980F363-FCC0-44D2-AE62-83BF4476C968}.Tools|Win32.ActiveCfg = Release|Win32
		{55284A45-BC03-427B-9810-E8B55973295F}.Debug|Win32.ActiveCfg = Debug|Win32
		{55284A45-BC03-427B-9810-E8B55973295F}.Release|Win32.ActiveCfg = Release|Win32
		{55284A45-BC03-427B-9810-E8B55973295F}.Tool DBG|Win32.ActiveCfg = Debug|Win32
		{55284A45-BC03-427B-9810-E8B55973295F}.Tool DBG|Win32.Build.0 = Debug|Win32
		{55284A45-BC03-427B-9810-E8B55973295F}.Tools|Win32.ActiveCfg = Release|Win32
		{55284A45-BC03-427B-9810-E8B55973295F}.Tools|Win32.Build.0 = Release|Win32
		{2109EE02-749C-4859-B841-AAD804974946}.Debug|Win32.ActiveCfg = Debug|Win32
		{2109EE02-749C-4859-B841-AAD804974946}.Release|Win32.ActiveCfg = Release|Win32
		{2109EE02-749C-4859-B841-AAD804974946}.Tool DBG|Win32.ActiveCfg = Debug|Win32
		{2109EE02-749C-4859-B841-AAD804974946}.Tool DBG|Win32.Build.0 = Debug|Win32
		{2109EE02-749C-4859-B841-AAD804974946}.Tools|Win32.ActiveCfg = Release|Win32
		{2109EE02-749C-4859-B841-AAD804974946}.Tools|Win32.Build.0 = Release|Win32
		{97983366-AD76-46D6-B974-4169F4FE13A0}.Debug|Win32.ActiveCfg = Debug|Win32
		{97983366-AD76-46D6-B974-4169F4FE13A0}.Release|Win32.ActiveCfg = Release|Win32
		{97983366-AD76-46D6-B974-4169F4FE13A0}.Tool DBG|Win32.ActiveCfg = Debug|Win32
		{97983366-AD76-46D6-B974-4169F4FE13A0}.Tool DBG|Win32.Build.0 = Debug|Win32
		{97983366-AD76-46D6-B974-4169F4FE13A0}.Tools|Win32.ActiveCfg = Release|Win32
		{97983366-AD76-46D6-B974-4169F4FE13A0}.Tools|Win32.Build.0 = Release|Win32
		{AF0D953C-BE31-4F51-96BF-6649C455A2BE}.Debug|Win32.ActiveCfg = Debug|Win32
		{AF0D953C-BE31-4F51-96BF-6649C455A2BE}.Debug|Win32.Build.0 = Debug|Win32
		{AF0D953C-BE31-4F51-96BF-6649C455A2BE}.Release|Win32.ActiveCfg = Release|Win32
		{AF0D953C-BE31-4F51-96BF-6649C455A2BE}.Release|Win32.Build.0 = Release|Win32
		{AF0D953C-BE31-4F51-96BF-6649C455A2BE}.Tool DBG|Win32.ActiveCfg = Debug|Win32
		{AF0D953C-BE31-4F51-96BF-6649C455A2BE}.Tool DBG|Win32.Build.0 = Debug|Win32
		{AF0D953C-BE31-4F51-96BF-6649C455A2BE}.Tools|Win32.ActiveCfg = Release|Win32
		{AF0D953C-BE31-4F51-96BF-6649C455A2BE}.Tools|Win32.Build.0 = Release|Win32
		{D5D797DD-0259-48B8-86A2-B68C865BFB55}.Debug|Win32.ActiveCfg = Debug|Win32
		{D5D797DD-0259-48B8-86A2-B68C865BFB55}.Release|Win32.ActiveCfg = Release|Win32
		{D5D797DD-0259-48B8-86A2-B68C865BFB55}.Tool DBG|Win32.ActiveCfg = Debug|Win32
		{D5D797DD-0259-48B8-86A2-B68C865BFB55}.Tool DBG|Win32.Build.0 = Debug|Win32
		{D5D797DD-0259-48B8-86A2-B68C865BFB55}.Tools|Win32.ActiveCfg = Release|Win32
		{D5D797DD-0259-48B8-86A2-B68C865BFB55}.Tools|Win32.Build.0 = Release|Win32
		{79BCF27D-423A-4F38-AA27-8C2E1BA4E525}.Debug|Win32.ActiveCfg = Debug|Win32
		{79BCF27D-423A-4F38-AA27-8C2E1BA4E525}.Debug|Win32.Build.0 = Debug|Win32
		{79BCF27D-423A-4F38-AA27-8C2E1BA4E525}.Release|Win32.ActiveCfg = Release|Win32
		{79BCF27D-423A-4F38-AA27-8C2E1BA4E525}.Release|Win32.Build.0 = Release|Win32
		{79BCF27D-423A-4F38-AA27-8C2E1BA4E525}.Tool DBG|Win32.ActiveCfg = Debug|Win32
		{79BCF27D-423A-4F38-AA27-8C2E1BA4E525}.Tools|Win32.ActiveCfg = Release|Win32
		{3A71BE2A-7B37-4566-8D39-DD3FD89C6C0A}.Debug|Win32.ActiveCfg = Debug|Win32
		{3A71BE2A-7B37-4566-8D39-DD3FD89C6C0A}.Release|Win32.ActiveCfg = Release|Win32
		{3A71BE2A-7B37-4566-8D39-DD3FD89C6C0A}.Tool DBG|Win32.ActiveCfg = Debug|Win32
		{3A71BE2A-7B37-4566-8D39-DD3FD89C6C0A}.Tool DBG|Win32.Build.0 = Debug|Win32
		{3A71BE2A-7B37-4566-8D39-DD3FD89C6C0A}.Tools|Win32.ActiveCfg = Release|Win32
		{3A71BE2A-7B37-4566-8D39-DD3FD89C6C0A}.Tools|Win32.Build.0 = Release|Win32
		{4067ADA5-F2DD-4C7A-94D9-763F0FD223A7}.Debug|Win32.ActiveCfg = Debug|Win32
		{4067ADA5-F2DD-4C7A-94D9-763F0FD223A7}.Debug|Win32.Build.0 = Debug|Win32
		{4067ADA5-F2DD-4C7A-94D9-763F0FD223A7}.Release|Win32.ActiveCfg = Release|Win32
		{4067ADA5-F2DD-4C7A-94D9-763F0FD223A7}.Release|Win32.Build.0 = Release|Win32
		{4067ADA5-F2DD-4C7A-94D9-763F0FD223A7}.Tool DBG|Win32.ActiveCfg = Debug|Win32
		{4067ADA5-F2DD-4C7A-94D9-763F0FD223A7}.Tools|Win32.ActiveCfg = Release|Win32
		{2709ED34-EE40-4C0A-89B8-FF945CB4842D}.Debug|Win32.ActiveCfg = Debug|Win32
		{2709ED34-EE40-4C0A-89B8-FF945CB4842D}.Debug|Win32.Build.0 = Debug|Win32
		{2709ED34-EE40-4C0A-89B8-FF945CB4842D}.Release|Win32.ActiveCfg = Release|Win32
		{2709ED34-EE40-4C0A-89B8-FF945CB4842D}.Release|Win32.Build.0 = Release|Win32
		{2709ED34-EE40-4C0A-89B8-FF945CB4842D}.Tool DBG|Win32.ActiveCfg = Debug|Win32
		{2709ED34-EE40-4C0A-89B8-FF945CB4842D}.Tools|Win32.ActiveCfg = Release|Win32
		{D2957915-F885-4644-BF73-B13C151D2A80}.Debug|Win32.ActiveCfg = Debug|Win32
		{D2957915-F885-4644-BF73-B13C151D2A80}.Debug|Win32.Build.0 = Debug|Win32
		{D2957915-F885-4644-BF73-B13C151D2A80}.Release|Win32.ActiveCfg = Release|Win32
		{D2957915-F885-4644-BF73-B13C151D2A80}.Release|Win32.Build.0 = Release|Win32
		{D2957915-F885-4644-BF73-B13C151D2A80}.Tool DBG|Win32.ActiveCfg = Debug|Win32
		{D2957915-F885-4644-BF73-B13C151D2A80}.Tools|Win32.ActiveCfg = Release|Win32
		{210F2AAE-4670-427E-BDEB-BAC085068B39}.Debug|Win32.ActiveCfg = Debug|x86
		{210F2AAE-4670-427E-BDEB-BAC085068B39}.Debug|Win32.Build.0 = Debug|x86
		{210F2AAE-4670-427E-BDEB-BAC085068B39}.Release|Win32.ActiveCfg = Release|x86
		{210F2AAE-4670-427E-BDEB-BAC085068B39}.Release|Win32.Build.0 = Release|x86
		{210F2AAE-4670-427E-BDEB-BAC085068B39}.Tool DBG|Win32.ActiveCfg = Debug|x86
		{210F2AAE-4670-427E-BDEB-BAC085068B39}.Tools|Win32.ActiveCfg = Release|x86
		{8AC27D89-17E9-4DC4-896C-5BFAFDDC4A41}.Debug|Win32.ActiveCfg = Debug|Win32
		{8AC27D89-17E9-4DC4-896C-5BFAFDDC4A41}.Debug|Win32.Build.0 = Debug|Win32
		{8AC27D89-17E9-4DC4-896C-5BFAFDDC4A41}.Release|Win32.ActiveCfg = Release|Win32
		{8AC27D89-17E9-4DC4-896C-5BFAFDDC4A41}.Release|Win32.Build.0 = Release|Win32
		{8AC27D89-17E9-4DC4-896C-5BFAFDDC4A41}.Tool DBG|Win32.ActiveCfg = Debug|Win32
		{8AC27D89-17E9-4DC4-896C-5BFAFDDC4A41}.Tools|Win32.ActiveCfg = Release|Win32
		{8A7A52BB-27FA-4E49-93CC-B046C1B6AF30}.Debug|Win32.ActiveCfg = Debug|Win32
		{8A7A52BB-27FA-4E49-93CC-B046C1B6AF30}.Debug|Win32.Build.0 = Debug|Win32
		{8A7A52BB-27FA-4E49-93CC-B046C1B6AF30}.Release|Win32.ActiveCfg = Release|Win32
		{8A7A52BB-27FA-4E49-93CC-B046C1B6AF30}.Release|Win32.Build.0 = Release|Win32
		{8A7A52BB-27FA-4E49-93CC-B046C1B6AF30}.Tool DBG|Win32.ActiveCfg = Debug|Win32
		{8A7A52BB-27FA-4E49-93CC-B046C1B6AF30}.Tool DBG|Win32.Build.0 = Debug|Win32
		{8A7A52BB-27FA-4E49-93CC-B046C1B6AF30}.Tools|Win32.ActiveCfg = Release|Win32
		{8A7A52BB-27FA-4E49-93CC-B046C1B6AF30}.Tools|Win32.Build.0 = Release|Win32
	EndGlobalSection
	GlobalSection(SolutionProperties) = preSolution
		HideSolutionNode = FALSE
	EndGlobalSection
	GlobalSection(NestedProjects) = preSolution
		{5ACE6300-6196-4C7D-81CB-9AF09421C312} = {CA01F63B-CD61-4051-8E99-2A2A245F0DFC}
		{672888D1-69C6-4D12-8757-F8B4684A1FF2} = {CA01F63B-CD61-4051-8E99-2A2A245F0DFC}
		{55284A45-BC03-427B-9810-E8B55973295F} = {3DDC63F1-A9D2-4A2D-9021-1995474C1324}
		{2109EE02-749C-4859-B841-AAD804974946} = {3DDC63F1-A9D2-4A2D-9021-1995474C1324}
		{97983366-AD76-46D6-B974-4169F4FE13A0} = {3DDC63F1-A9D2-4A2D-9021-1995474C1324}
		{D5D797DD-0259-48B8-86A2-B68C865BFB55} = {3DDC63F1-A9D2-4A2D-9021-1995474C1324}
		{79BCF27D-423A-4F38-AA27-8C2E1BA4E525} = {CA01F63B-CD61-4051-8E99-2A2A245F0DFC}
		{3A71BE2A-7B37-4566-8D39-DD3FD89C6C0A} = {CA01F63B-CD61-4051-8E99-2A2A245F0DFC}
		{D2957915-F885-4644-BF73-B13C151D2A80} = {CA01F63B-CD61-4051-8E99-2A2A245F0DFC}
		{8A7A52BB-27FA-4E49-93CC-B046C1B6AF30} = {CA01F63B-CD61-4051-8E99-2A2A245F0DFC}
	EndGlobalSection
EndGlobal
