Microsoft Visual Studio Solution File, Format Version 12.00
# Visual Studio 2013
VisualStudioVersion = 12.0.40629.0
MinimumVisualStudioVersion = 10.0.40219.1
Project("{8BC9CEB8-8B4A-11D0-8D11-00A0C91BC942}") = "Game", "Game\Game.vcxproj", "{3167A812-5D2C-4EE9-ACFD-F0E959384755}"
	ProjectSection(ProjectDependencies) = postProject
		{5ACE6300-6196-4C7D-81CB-9AF09421C312} = {5ACE6300-6196-4C7D-81CB-9AF09421C312}
		{17C3E42C-647C-4130-ACD9-0D7E3BEADA57} = {17C3E42C-647C-4130-ACD9-0D7E3BEADA57}
		{AF0D953C-BE31-4F51-96BF-6649C455A2BE} = {AF0D953C-BE31-4F51-96BF-6649C455A2BE}
		{1E0C6240-1FED-472F-B8BE-3D9000CD2E03} = {1E0C6240-1FED-472F-B8BE-3D9000CD2E03}
		{4DA03747-F505-4A98-9124-03B3B73B9B3B} = {4DA03747-F505-4A98-9124-03B3B73B9B3B}
		{5122B556-8547-48D7-ACF6-1466C0180FF4} = {5122B556-8547-48D7-ACF6-1466C0180FF4}
		{F980F363-FCC0-44D2-AE62-83BF4476C968} = {F980F363-FCC0-44D2-AE62-83BF4476C968}
		{540CCF66-B6E2-44E9-AA68-5C8EA19DB298} = {540CCF66-B6E2-44E9-AA68-5C8EA19DB298}
		{79BCF27D-423A-4F38-AA27-8C2E1BA4E525} = {79BCF27D-423A-4F38-AA27-8C2E1BA4E525}
		{4067ADA5-F2DD-4C7A-94D9-763F0FD223A7} = {4067ADA5-F2DD-4C7A-94D9-763F0FD223A7}
		{672888D1-69C6-4D12-8757-F8B4684A1FF2} = {672888D1-69C6-4D12-8757-F8B4684A1FF2}
		{ADDFF1E2-C5D4-4217-A5B3-96ECED2C3584} = {ADDFF1E2-C5D4-4217-A5B3-96ECED2C3584}
	EndProjectSection
EndProject
Project("{8BC9CEB8-8B4A-11D0-8D11-00A0C91BC942}") = "File_System", "File_System\File_System.vcxproj", "{5ACE6300-6196-4C7D-81CB-9AF09421C312}"
EndProject
Project("{8BC9CEB8-8B4A-11D0-8D11-00A0C91BC942}") = "GL3W", "GL3W\GL3W.vcxproj", "{ADDFF1E2-C5D4-4217-A5B3-96ECED2C3584}"
EndProject
Project("{8BC9CEB8-8B4A-11D0-8D11-00A0C91BC942}") = "GLFW", "GLFW\GLFW.vcxproj", "{4DA03747-F505-4A98-9124-03B3B73B9B3B}"
EndProject
Project("{8BC9CEB8-8B4A-11D0-8D11-00A0C91BC942}") = "Math_Engine", "Math_Engine\Math_Engine.vcxproj", "{5122B556-8547-48D7-ACF6-1466C0180FF4}"
EndProject
Project("{8BC9CEB8-8B4A-11D0-8D11-00A0C91BC942}") = "Memory_System", "Memory_System\Memory_System.vcxproj", "{1E0C6240-1FED-472F-B8BE-3D9000CD2E03}"
EndProject
Project("{8BC9CEB8-8B4A-11D0-8D11-00A0C91BC942}") = "Object_Management", "Object_Management\Object_Management.vcxproj", "{540CCF66-B6E2-44E9-AA68-5C8EA19DB298}"
EndProject
Project("{8BC9CEB8-8B4A-11D0-8D11-00A0C91BC942}") = "PCS_Tree", "PCS_Tree\PCS_Tree.vcxproj", "{17C3E42C-647C-4130-ACD9-0D7E3BEADA57}"
EndProject
Project("{8BC9CEB8-8B4A-11D0-8D11-00A0C91BC942}") = "Archive_Reader", "Archive_Reader\Archive_Reader.vcxproj", "{672888D1-69C6-4D12-8757-F8B4684A1FF2}"
EndProject
Project("{8BC9CEB8-8B4A-11D0-8D11-00A0C91BC942}") = "Time", "Time\Time.vcxproj", "{F980F363-FCC0-44D2-AE62-83BF4476C968}"
EndProject
Project("{8BC9CEB8-8B4A-11D0-8D11-00A0C91BC942}") = "Model_Converter", "Model_Converter\Model_Converter.vcxproj", "{55284A45-BC03-427B-9810-E8B55973295F}"
	ProjectSection(ProjectDependencies) = postProject
		{2109EE02-749C-4859-B841-AAD804974946} = {2109EE02-749C-4859-B841-AAD804974946}
		{AF0D953C-BE31-4F51-96BF-6649C455A2BE} = {AF0D953C-BE31-4F51-96BF-6649C455A2BE}
		{5122B556-8547-48D7-ACF6-1466C0180FF4} = {5122B556-8547-48D7-ACF6-1466C0180FF4}
		{97983366-AD76-46D6-B974-4169F4FE13A0} = {97983366-AD76-46D6-B974-4169F4FE13A0}
	EndProjectSection
EndProject
Project("{8BC9CEB8-8B4A-11D0-8D11-00A0C91BC942}") = "Chunkify", "Chunkify\Chunkify.vcxproj", "{2109EE02-749C-4859-B841-AAD804974946}"
	ProjectSection(ProjectDependencies) = postProject
		{AF0D953C-BE31-4F51-96BF-6649C455A2BE} = {AF0D953C-BE31-4F51-96BF-6649C455A2BE}
	EndProjectSection
EndProject
Project("{8BC9CEB8-8B4A-11D0-8D11-00A0C91BC942}") = "Unify", "Unify\Unify.vcxproj", "{97983366-AD76-46D6-B974-4169F4FE13A0}"
	ProjectSection(ProjectDependencies) = postProject
		{AF0D953C-BE31-4F51-96BF-6649C455A2BE} = {AF0D953C-BE31-4F51-96BF-6649C455A2BE}
	EndProjectSection
EndProject
Project("{8BC9CEB8-8B4A-11D0-8D11-00A0C91BC942}") = "Shared", "Shared\Shared.vcxproj", "{AF0D953C-BE31-4F51-96BF-6649C455A2BE}"
EndProject
Project("{8BC9CEB8-8B4A-11D0-8D11-00A0C91BC942}") = "Reflection_Tool", "Reflection_Tool\Reflection_Tool.vcxproj", "{D5D797DD-0259-48B8-86A2-B68C865BFB55}"
	ProjectSection(ProjectDependencies) = postProject
		{5ACE6300-6196-4C7D-81CB-9AF09421C312} = {5ACE6300-6196-4C7D-81CB-9AF09421C312}
		{3A71BE2A-7B37-4566-8D39-DD3FD89C6C0A} = {3A71BE2A-7B37-4566-8D39-DD3FD89C6C0A}
		{AF0D953C-BE31-4F51-96BF-6649C455A2BE} = {AF0D953C-BE31-4F51-96BF-6649C455A2BE}
	EndProjectSection
EndProject
Project("{8BC9CEB8-8B4A-11D0-8D11-00A0C91BC942}") = "Reflection_Headers", "Reflection_Headers\Reflection_Headers.vcxproj", "{79BCF27D-423A-4F38-AA27-8C2E1BA4E525}"
EndProject
Project("{8BC9CEB8-8B4A-11D0-8D11-00A0C91BC942}") = "TinyXML", "TinyXML\TinyXML.vcxproj", "{3A71BE2A-7B37-4566-8D39-DD3FD89C6C0A}"
EndProject
Project("{8BC9CEB8-8B4A-11D0-8D11-00A0C91BC942}") = "Engine", "Engine\Engine.vcxproj", "{4067ADA5-F2DD-4C7A-94D9-763F0FD223A7}"
EndProject
Project("{8BC9CEB8-8B4A-11D0-8D11-00A0C91BC942}") = "Editor", "Editor\Editor.vcxproj", "{2709ED34-EE40-4C0A-89B8-FF945CB4842D}"
EndProject
Project("{2150E333-8FDC-42A3-9474-1A3956D46DE8}") = "Serialization", "Serialization", "{CA01F63B-CD61-4051-8E99-2A2A245F0DFC}"
EndProject
Project("{2150E333-8FDC-42A3-9474-1A3956D46DE8}") = "Display", "Display", "{4B749E9D-3F25-423E-8207-87B8ED9044D9}"
EndProject
Project("{2150E333-8FDC-42A3-9474-1A3956D46DE8}") = "Tools", "Tools", "{3DDC63F1-A9D2-4A2D-9021-1995474C1324}"
EndProject
Global
	GlobalSection(SolutionConfigurationPlatforms) = preSolution
		Debug|Any CPU = Debug|Any CPU
		Debug|Mixed Platforms = Debug|Mixed Platforms
		Debug|Win32 = Debug|Win32
		Debug|x64 = Debug|x64
		Release|Any CPU = Release|Any CPU
		Release|Mixed Platforms = Release|Mixed Platforms
		Release|Win32 = Release|Win32
		Release|x64 = Release|x64
		Tool DBG|Any CPU = Tool DBG|Any CPU
		Tool DBG|Mixed Platforms = Tool DBG|Mixed Platforms
		Tool DBG|Win32 = Tool DBG|Win32
		Tool DBG|x64 = Tool DBG|x64
		Tools|Any CPU = Tools|Any CPU
		Tools|Mixed Platforms = Tools|Mixed Platforms
		Tools|Win32 = Tools|Win32
		Tools|x64 = Tools|x64
	EndGlobalSection
	GlobalSection(ProjectConfigurationPlatforms) = postSolution
		{3167A812-5D2C-4EE9-ACFD-F0E959384755}.Debug|Any CPU.ActiveCfg = Debug|Win32
		{3167A812-5D2C-4EE9-ACFD-F0E959384755}.Debug|Mixed Platforms.ActiveCfg = Debug|Win32
		{3167A812-5D2C-4EE9-ACFD-F0E959384755}.Debug|Mixed Platforms.Build.0 = Debug|Win32
		{3167A812-5D2C-4EE9-ACFD-F0E959384755}.Debug|Win32.ActiveCfg = Debug|Win32
		{3167A812-5D2C-4EE9-ACFD-F0E959384755}.Debug|Win32.Build.0 = Debug|Win32
		{3167A812-5D2C-4EE9-ACFD-F0E959384755}.Debug|x64.ActiveCfg = Debug|x64
		{3167A812-5D2C-4EE9-ACFD-F0E959384755}.Debug|x64.Build.0 = Debug|x64
		{3167A812-5D2C-4EE9-ACFD-F0E959384755}.Release|Any CPU.ActiveCfg = Release|Win32
		{3167A812-5D2C-4EE9-ACFD-F0E959384755}.Release|Mixed Platforms.ActiveCfg = Release|Win32
		{3167A812-5D2C-4EE9-ACFD-F0E959384755}.Release|Mixed Platforms.Build.0 = Release|Win32
		{3167A812-5D2C-4EE9-ACFD-F0E959384755}.Release|Win32.ActiveCfg = Release|Win32
		{3167A812-5D2C-4EE9-ACFD-F0E959384755}.Release|Win32.Build.0 = Release|Win32
		{3167A812-5D2C-4EE9-ACFD-F0E959384755}.Release|x64.ActiveCfg = Release|x64
		{3167A812-5D2C-4EE9-ACFD-F0E959384755}.Release|x64.Build.0 = Release|x64
		{3167A812-5D2C-4EE9-ACFD-F0E959384755}.Tool DBG|Any CPU.ActiveCfg = Release|Win32
		{3167A812-5D2C-4EE9-ACFD-F0E959384755}.Tool DBG|Mixed Platforms.ActiveCfg = Release|Win32
		{3167A812-5D2C-4EE9-ACFD-F0E959384755}.Tool DBG|Mixed Platforms.Build.0 = Release|Win32
		{3167A812-5D2C-4EE9-ACFD-F0E959384755}.Tool DBG|Win32.ActiveCfg = Debug|Win32
		{3167A812-5D2C-4EE9-ACFD-F0E959384755}.Tool DBG|x64.ActiveCfg = Release|x64
		{3167A812-5D2C-4EE9-ACFD-F0E959384755}.Tool DBG|x64.Build.0 = Release|x64
		{3167A812-5D2C-4EE9-ACFD-F0E959384755}.Tools|Any CPU.ActiveCfg = Release|Win32
		{3167A812-5D2C-4EE9-ACFD-F0E959384755}.Tools|Mixed Platforms.ActiveCfg = Release|Win32
		{3167A812-5D2C-4EE9-ACFD-F0E959384755}.Tools|Mixed Platforms.Build.0 = Release|Win32
		{3167A812-5D2C-4EE9-ACFD-F0E959384755}.Tools|Win32.ActiveCfg = Release|Win32
		{3167A812-5D2C-4EE9-ACFD-F0E959384755}.Tools|x64.ActiveCfg = Release|x64
		{3167A812-5D2C-4EE9-ACFD-F0E959384755}.Tools|x64.Build.0 = Release|x64
		{5ACE6300-6196-4C7D-81CB-9AF09421C312}.Debug|Any CPU.ActiveCfg = Debug|Win32
		{5ACE6300-6196-4C7D-81CB-9AF09421C312}.Debug|Mixed Platforms.ActiveCfg = Debug|Win32
		{5ACE6300-6196-4C7D-81CB-9AF09421C312}.Debug|Mixed Platforms.Build.0 = Debug|Win32
		{5ACE6300-6196-4C7D-81CB-9AF09421C312}.Debug|Win32.ActiveCfg = Debug|Win32
		{5ACE6300-6196-4C7D-81CB-9AF09421C312}.Debug|Win32.Build.0 = Debug|Win32
		{5ACE6300-6196-4C7D-81CB-9AF09421C312}.Debug|x64.ActiveCfg = Debug|x64
		{5ACE6300-6196-4C7D-81CB-9AF09421C312}.Debug|x64.Build.0 = Debug|x64
		{5ACE6300-6196-4C7D-81CB-9AF09421C312}.Release|Any CPU.ActiveCfg = Release|Win32
		{5ACE6300-6196-4C7D-81CB-9AF09421C312}.Release|Mixed Platforms.ActiveCfg = Release|Win32
		{5ACE6300-6196-4C7D-81CB-9AF09421C312}.Release|Mixed Platforms.Build.0 = Release|Win32
		{5ACE6300-6196-4C7D-81CB-9AF09421C312}.Release|Win32.ActiveCfg = Release|Win32
		{5ACE6300-6196-4C7D-81CB-9AF09421C312}.Release|Win32.Build.0 = Release|Win32
		{5ACE6300-6196-4C7D-81CB-9AF09421C312}.Release|x64.ActiveCfg = Release|x64
		{5ACE6300-6196-4C7D-81CB-9AF09421C312}.Release|x64.Build.0 = Release|x64
		{5ACE6300-6196-4C7D-81CB-9AF09421C312}.Tool DBG|Any CPU.ActiveCfg = Release|Win32
		{5ACE6300-6196-4C7D-81CB-9AF09421C312}.Tool DBG|Mixed Platforms.ActiveCfg = Release|Win32
		{5ACE6300-6196-4C7D-81CB-9AF09421C312}.Tool DBG|Mixed Platforms.Build.0 = Release|Win32
		{5ACE6300-6196-4C7D-81CB-9AF09421C312}.Tool DBG|Win32.ActiveCfg = Debug|Win32
		{5ACE6300-6196-4C7D-81CB-9AF09421C312}.Tool DBG|Win32.Build.0 = Debug|Win32
		{5ACE6300-6196-4C7D-81CB-9AF09421C312}.Tool DBG|x64.ActiveCfg = Release|x64
		{5ACE6300-6196-4C7D-81CB-9AF09421C312}.Tool DBG|x64.Build.0 = Release|x64
		{5ACE6300-6196-4C7D-81CB-9AF09421C312}.Tools|Any CPU.ActiveCfg = Release|Win32
		{5ACE6300-6196-4C7D-81CB-9AF09421C312}.Tools|Mixed Platforms.ActiveCfg = Release|Win32
		{5ACE6300-6196-4C7D-81CB-9AF09421C312}.Tools|Mixed Platforms.Build.0 = Release|Win32
		{5ACE6300-6196-4C7D-81CB-9AF09421C312}.Tools|Win32.ActiveCfg = Release|Win32
		{5ACE6300-6196-4C7D-81CB-9AF09421C312}.Tools|Win32.Build.0 = Release|Win32
		{5ACE6300-6196-4C7D-81CB-9AF09421C312}.Tools|x64.ActiveCfg = Release|x64
		{5ACE6300-6196-4C7D-81CB-9AF09421C312}.Tools|x64.Build.0 = Release|x64
		{ADDFF1E2-C5D4-4217-A5B3-96ECED2C3584}.Debug|Any CPU.ActiveCfg = Debug|Win32
		{ADDFF1E2-C5D4-4217-A5B3-96ECED2C3584}.Debug|Mixed Platforms.ActiveCfg = Debug|Win32
		{ADDFF1E2-C5D4-4217-A5B3-96ECED2C3584}.Debug|Mixed Platforms.Build.0 = Debug|Win32
		{ADDFF1E2-C5D4-4217-A5B3-96ECED2C3584}.Debug|Win32.ActiveCfg = Debug|Win32
		{ADDFF1E2-C5D4-4217-A5B3-96ECED2C3584}.Debug|Win32.Build.0 = Debug|Win32
		{ADDFF1E2-C5D4-4217-A5B3-96ECED2C3584}.Debug|x64.ActiveCfg = Debug|x64
		{ADDFF1E2-C5D4-4217-A5B3-96ECED2C3584}.Debug|x64.Build.0 = Debug|x64
		{ADDFF1E2-C5D4-4217-A5B3-96ECED2C3584}.Release|Any CPU.ActiveCfg = Release|Win32
		{ADDFF1E2-C5D4-4217-A5B3-96ECED2C3584}.Release|Mixed Platforms.ActiveCfg = Release|Win32
		{ADDFF1E2-C5D4-4217-A5B3-96ECED2C3584}.Release|Mixed Platforms.Build.0 = Release|Win32
		{ADDFF1E2-C5D4-4217-A5B3-96ECED2C3584}.Release|Win32.ActiveCfg = Release|Win32
		{ADDFF1E2-C5D4-4217-A5B3-96ECED2C3584}.Release|Win32.Build.0 = Release|Win32
		{ADDFF1E2-C5D4-4217-A5B3-96ECED2C3584}.Release|x64.ActiveCfg = Release|x64
		{ADDFF1E2-C5D4-4217-A5B3-96ECED2C3584}.Release|x64.Build.0 = Release|x64
		{ADDFF1E2-C5D4-4217-A5B3-96ECED2C3584}.Tool DBG|Any CPU.ActiveCfg = Release|Win32
		{ADDFF1E2-C5D4-4217-A5B3-96ECED2C3584}.Tool DBG|Mixed Platforms.ActiveCfg = Release|Win32
		{ADDFF1E2-C5D4-4217-A5B3-96ECED2C3584}.Tool DBG|Mixed Platforms.Build.0 = Release|Win32
		{ADDFF1E2-C5D4-4217-A5B3-96ECED2C3584}.Tool DBG|Win32.ActiveCfg = Debug|Win32
		{ADDFF1E2-C5D4-4217-A5B3-96ECED2C3584}.Tool DBG|x64.ActiveCfg = Release|x64
		{ADDFF1E2-C5D4-4217-A5B3-96ECED2C3584}.Tool DBG|x64.Build.0 = Release|x64
		{ADDFF1E2-C5D4-4217-A5B3-96ECED2C3584}.Tools|Any CPU.ActiveCfg = Release|Win32
		{ADDFF1E2-C5D4-4217-A5B3-96ECED2C3584}.Tools|Mixed Platforms.ActiveCfg = Release|Win32
		{ADDFF1E2-C5D4-4217-A5B3-96ECED2C3584}.Tools|Mixed Platforms.Build.0 = Release|Win32
		{ADDFF1E2-C5D4-4217-A5B3-96ECED2C3584}.Tools|Win32.ActiveCfg = Release|Win32
		{ADDFF1E2-C5D4-4217-A5B3-96ECED2C3584}.Tools|x64.ActiveCfg = Release|x64
		{ADDFF1E2-C5D4-4217-A5B3-96ECED2C3584}.Tools|x64.Build.0 = Release|x64
		{4DA03747-F505-4A98-9124-03B3B73B9B3B}.Debug|Any CPU.ActiveCfg = Debug|Win32
		{4DA03747-F505-4A98-9124-03B3B73B9B3B}.Debug|Mixed Platforms.ActiveCfg = Debug|Win32
		{4DA03747-F505-4A98-9124-03B3B73B9B3B}.Debug|Mixed Platforms.Build.0 = Debug|Win32
		{4DA03747-F505-4A98-9124-03B3B73B9B3B}.Debug|Win32.ActiveCfg = Debug|Win32
		{4DA03747-F505-4A98-9124-03B3B73B9B3B}.Debug|Win32.Build.0 = Debug|Win32
		{4DA03747-F505-4A98-9124-03B3B73B9B3B}.Debug|x64.ActiveCfg = Debug|x64
		{4DA03747-F505-4A98-9124-03B3B73B9B3B}.Debug|x64.Build.0 = Debug|x64
		{4DA03747-F505-4A98-9124-03B3B73B9B3B}.Release|Any CPU.ActiveCfg = Release|Win32
		{4DA03747-F505-4A98-9124-03B3B73B9B3B}.Release|Mixed Platforms.ActiveCfg = Release|Win32
		{4DA03747-F505-4A98-9124-03B3B73B9B3B}.Release|Mixed Platforms.Build.0 = Release|Win32
		{4DA03747-F505-4A98-9124-03B3B73B9B3B}.Release|Win32.ActiveCfg = Release|Win32
		{4DA03747-F505-4A98-9124-03B3B73B9B3B}.Release|Win32.Build.0 = Release|Win32
		{4DA03747-F505-4A98-9124-03B3B73B9B3B}.Release|x64.ActiveCfg = Release|x64
		{4DA03747-F505-4A98-9124-03B3B73B9B3B}.Release|x64.Build.0 = Release|x64
		{4DA03747-F505-4A98-9124-03B3B73B9B3B}.Tool DBG|Any CPU.ActiveCfg = Release|Win32
		{4DA03747-F505-4A98-9124-03B3B73B9B3B}.Tool DBG|Mixed Platforms.ActiveCfg = Release|Win32
		{4DA03747-F505-4A98-9124-03B3B73B9B3B}.Tool DBG|Mixed Platforms.Build.0 = Release|Win32
		{4DA03747-F505-4A98-9124-03B3B73B9B3B}.Tool DBG|Win32.ActiveCfg = Debug|Win32
		{4DA03747-F505-4A98-9124-03B3B73B9B3B}.Tool DBG|x64.ActiveCfg = Release|x64
		{4DA03747-F505-4A98-9124-03B3B73B9B3B}.Tool DBG|x64.Build.0 = Release|x64
		{4DA03747-F505-4A98-9124-03B3B73B9B3B}.Tools|Any CPU.ActiveCfg = Release|Win32
		{4DA03747-F505-4A98-9124-03B3B73B9B3B}.Tools|Mixed Platforms.ActiveCfg = Release|Win32
		{4DA03747-F505-4A98-9124-03B3B73B9B3B}.Tools|Mixed Platforms.Build.0 = Release|Win32
		{4DA03747-F505-4A98-9124-03B3B73B9B3B}.Tools|Win32.ActiveCfg = Release|Win32
		{4DA03747-F505-4A98-9124-03B3B73B9B3B}.Tools|x64.ActiveCfg = Release|x64
		{4DA03747-F505-4A98-9124-03B3B73B9B3B}.Tools|x64.Build.0 = Release|x64
		{5122B556-8547-48D7-ACF6-1466C0180FF4}.Debug|Any CPU.ActiveCfg = Debug|Win32
		{5122B556-8547-48D7-ACF6-1466C0180FF4}.Debug|Mixed Platforms.ActiveCfg = Debug|Win32
		{5122B556-8547-48D7-ACF6-1466C0180FF4}.Debug|Mixed Platforms.Build.0 = Debug|Win32
		{5122B556-8547-48D7-ACF6-1466C0180FF4}.Debug|Win32.ActiveCfg = Debug|Win32
		{5122B556-8547-48D7-ACF6-1466C0180FF4}.Debug|Win32.Build.0 = Debug|Win32
		{5122B556-8547-48D7-ACF6-1466C0180FF4}.Debug|x64.ActiveCfg = Debug|x64
		{5122B556-8547-48D7-ACF6-1466C0180FF4}.Debug|x64.Build.0 = Debug|x64
		{5122B556-8547-48D7-ACF6-1466C0180FF4}.Release|Any CPU.ActiveCfg = Release|Win32
		{5122B556-8547-48D7-ACF6-1466C0180FF4}.Release|Mixed Platforms.ActiveCfg = Release|Win32
		{5122B556-8547-48D7-ACF6-1466C0180FF4}.Release|Mixed Platforms.Build.0 = Release|Win32
		{5122B556-8547-48D7-ACF6-1466C0180FF4}.Release|Win32.ActiveCfg = Release|Win32
		{5122B556-8547-48D7-ACF6-1466C0180FF4}.Release|Win32.Build.0 = Release|Win32
		{5122B556-8547-48D7-ACF6-1466C0180FF4}.Release|x64.ActiveCfg = Release|x64
		{5122B556-8547-48D7-ACF6-1466C0180FF4}.Release|x64.Build.0 = Release|x64
		{5122B556-8547-48D7-ACF6-1466C0180FF4}.Tool DBG|Any CPU.ActiveCfg = Release|Win32
		{5122B556-8547-48D7-ACF6-1466C0180FF4}.Tool DBG|Mixed Platforms.ActiveCfg = Release|Win32
		{5122B556-8547-48D7-ACF6-1466C0180FF4}.Tool DBG|Mixed Platforms.Build.0 = Release|Win32
		{5122B556-8547-48D7-ACF6-1466C0180FF4}.Tool DBG|Win32.ActiveCfg = Debug|Win32
		{5122B556-8547-48D7-ACF6-1466C0180FF4}.Tool DBG|x64.ActiveCfg = Release|x64
		{5122B556-8547-48D7-ACF6-1466C0180FF4}.Tool DBG|x64.Build.0 = Release|x64
		{5122B556-8547-48D7-ACF6-1466C0180FF4}.Tools|Any CPU.ActiveCfg = Release|Win32
		{5122B556-8547-48D7-ACF6-1466C0180FF4}.Tools|Mixed Platforms.ActiveCfg = Release|Win32
		{5122B556-8547-48D7-ACF6-1466C0180FF4}.Tools|Mixed Platforms.Build.0 = Release|Win32
		{5122B556-8547-48D7-ACF6-1466C0180FF4}.Tools|Win32.ActiveCfg = Release|Win32
		{5122B556-8547-48D7-ACF6-1466C0180FF4}.Tools|x64.ActiveCfg = Release|x64
		{5122B556-8547-48D7-ACF6-1466C0180FF4}.Tools|x64.Build.0 = Release|x64
		{1E0C6240-1FED-472F-B8BE-3D9000CD2E03}.Debug|Any CPU.ActiveCfg = Debug|Win32
		{1E0C6240-1FED-472F-B8BE-3D9000CD2E03}.Debug|Mixed Platforms.ActiveCfg = Debug|Win32
		{1E0C6240-1FED-472F-B8BE-3D9000CD2E03}.Debug|Mixed Platforms.Build.0 = Debug|Win32
		{1E0C6240-1FED-472F-B8BE-3D9000CD2E03}.Debug|Win32.ActiveCfg = Debug|Win32
		{1E0C6240-1FED-472F-B8BE-3D9000CD2E03}.Debug|Win32.Build.0 = Debug|Win32
		{1E0C6240-1FED-472F-B8BE-3D9000CD2E03}.Debug|x64.ActiveCfg = Debug|x64
		{1E0C6240-1FED-472F-B8BE-3D9000CD2E03}.Debug|x64.Build.0 = Debug|x64
		{1E0C6240-1FED-472F-B8BE-3D9000CD2E03}.Release|Any CPU.ActiveCfg = Release|Win32
		{1E0C6240-1FED-472F-B8BE-3D9000CD2E03}.Release|Mixed Platforms.ActiveCfg = Release|Win32
		{1E0C6240-1FED-472F-B8BE-3D9000CD2E03}.Release|Mixed Platforms.Build.0 = Release|Win32
		{1E0C6240-1FED-472F-B8BE-3D9000CD2E03}.Release|Win32.ActiveCfg = Release|Win32
		{1E0C6240-1FED-472F-B8BE-3D9000CD2E03}.Release|Win32.Build.0 = Release|Win32
		{1E0C6240-1FED-472F-B8BE-3D9000CD2E03}.Release|x64.ActiveCfg = Release|x64
		{1E0C6240-1FED-472F-B8BE-3D9000CD2E03}.Release|x64.Build.0 = Release|x64
		{1E0C6240-1FED-472F-B8BE-3D9000CD2E03}.Tool DBG|Any CPU.ActiveCfg = Release|Win32
		{1E0C6240-1FED-472F-B8BE-3D9000CD2E03}.Tool DBG|Mixed Platforms.ActiveCfg = Release|Win32
		{1E0C6240-1FED-472F-B8BE-3D9000CD2E03}.Tool DBG|Mixed Platforms.Build.0 = Release|Win32
		{1E0C6240-1FED-472F-B8BE-3D9000CD2E03}.Tool DBG|Win32.ActiveCfg = Debug|Win32
		{1E0C6240-1FED-472F-B8BE-3D9000CD2E03}.Tool DBG|x64.ActiveCfg = Release|x64
		{1E0C6240-1FED-472F-B8BE-3D9000CD2E03}.Tool DBG|x64.Build.0 = Release|x64
		{1E0C6240-1FED-472F-B8BE-3D9000CD2E03}.Tools|Any CPU.ActiveCfg = Release|Win32
		{1E0C6240-1FED-472F-B8BE-3D9000CD2E03}.Tools|Mixed Platforms.ActiveCfg = Release|Win32
		{1E0C6240-1FED-472F-B8BE-3D9000CD2E03}.Tools|Mixed Platforms.Build.0 = Release|Win32
		{1E0C6240-1FED-472F-B8BE-3D9000CD2E03}.Tools|Win32.ActiveCfg = Release|Win32
		{1E0C6240-1FED-472F-B8BE-3D9000CD2E03}.Tools|x64.ActiveCfg = Release|x64
		{1E0C6240-1FED-472F-B8BE-3D9000CD2E03}.Tools|x64.Build.0 = Release|x64
		{540CCF66-B6E2-44E9-AA68-5C8EA19DB298}.Debug|Any CPU.ActiveCfg = Debug|Win32
		{540CCF66-B6E2-44E9-AA68-5C8EA19DB298}.Debug|Mixed Platforms.ActiveCfg = Debug|Win32
		{540CCF66-B6E2-44E9-AA68-5C8EA19DB298}.Debug|Mixed Platforms.Build.0 = Debug|Win32
		{540CCF66-B6E2-44E9-AA68-5C8EA19DB298}.Debug|Win32.ActiveCfg = Debug|Win32
		{540CCF66-B6E2-44E9-AA68-5C8EA19DB298}.Debug|Win32.Build.0 = Debug|Win32
		{540CCF66-B6E2-44E9-AA68-5C8EA19DB298}.Debug|x64.ActiveCfg = Debug|x64
		{540CCF66-B6E2-44E9-AA68-5C8EA19DB298}.Debug|x64.Build.0 = Debug|x64
		{540CCF66-B6E2-44E9-AA68-5C8EA19DB298}.Release|Any CPU.ActiveCfg = Release|Win32
		{540CCF66-B6E2-44E9-AA68-5C8EA19DB298}.Release|Mixed Platforms.ActiveCfg = Release|Win32
		{540CCF66-B6E2-44E9-AA68-5C8EA19DB298}.Release|Mixed Platforms.Build.0 = Release|Win32
		{540CCF66-B6E2-44E9-AA68-5C8EA19DB298}.Release|Win32.ActiveCfg = Release|Win32
		{540CCF66-B6E2-44E9-AA68-5C8EA19DB298}.Release|Win32.Build.0 = Release|Win32
		{540CCF66-B6E2-44E9-AA68-5C8EA19DB298}.Release|x64.ActiveCfg = Release|x64
		{540CCF66-B6E2-44E9-AA68-5C8EA19DB298}.Release|x64.Build.0 = Release|x64
		{540CCF66-B6E2-44E9-AA68-5C8EA19DB298}.Tool DBG|Any CPU.ActiveCfg = Release|Win32
		{540CCF66-B6E2-44E9-AA68-5C8EA19DB298}.Tool DBG|Mixed Platforms.ActiveCfg = Release|Win32
		{540CCF66-B6E2-44E9-AA68-5C8EA19DB298}.Tool DBG|Mixed Platforms.Build.0 = Release|Win32
		{540CCF66-B6E2-44E9-AA68-5C8EA19DB298}.Tool DBG|Win32.ActiveCfg = Debug|Win32
		{540CCF66-B6E2-44E9-AA68-5C8EA19DB298}.Tool DBG|x64.ActiveCfg = Release|x64
		{540CCF66-B6E2-44E9-AA68-5C8EA19DB298}.Tool DBG|x64.Build.0 = Release|x64
		{540CCF66-B6E2-44E9-AA68-5C8EA19DB298}.Tools|Any CPU.ActiveCfg = Release|Win32
		{540CCF66-B6E2-44E9-AA68-5C8EA19DB298}.Tools|Mixed Platforms.ActiveCfg = Release|Win32
		{540CCF66-B6E2-44E9-AA68-5C8EA19DB298}.Tools|Mixed Platforms.Build.0 = Release|Win32
		{540CCF66-B6E2-44E9-AA68-5C8EA19DB298}.Tools|Win32.ActiveCfg = Release|Win32
		{540CCF66-B6E2-44E9-AA68-5C8EA19DB298}.Tools|x64.ActiveCfg = Release|x64
		{540CCF66-B6E2-44E9-AA68-5C8EA19DB298}.Tools|x64.Build.0 = Release|x64
		{17C3E42C-647C-4130-ACD9-0D7E3BEADA57}.Debug|Any CPU.ActiveCfg = Debug|Win32
		{17C3E42C-647C-4130-ACD9-0D7E3BEADA57}.Debug|Mixed Platforms.ActiveCfg = Debug|Win32
		{17C3E42C-647C-4130-ACD9-0D7E3BEADA57}.Debug|Mixed Platforms.Build.0 = Debug|Win32
		{17C3E42C-647C-4130-ACD9-0D7E3BEADA57}.Debug|Win32.ActiveCfg = Debug|Win32
		{17C3E42C-647C-4130-ACD9-0D7E3BEADA57}.Debug|Win32.Build.0 = Debug|Win32
		{17C3E42C-647C-4130-ACD9-0D7E3BEADA57}.Debug|x64.ActiveCfg = Debug|x64
		{17C3E42C-647C-4130-ACD9-0D7E3BEADA57}.Debug|x64.Build.0 = Debug|x64
		{17C3E42C-647C-4130-ACD9-0D7E3BEADA57}.Release|Any CPU.ActiveCfg = Release|Win32
		{17C3E42C-647C-4130-ACD9-0D7E3BEADA57}.Release|Mixed Platforms.ActiveCfg = Release|Win32
		{17C3E42C-647C-4130-ACD9-0D7E3BEADA57}.Release|Mixed Platforms.Build.0 = Release|Win32
		{17C3E42C-647C-4130-ACD9-0D7E3BEADA57}.Release|Win32.ActiveCfg = Release|Win32
		{17C3E42C-647C-4130-ACD9-0D7E3BEADA57}.Release|Win32.Build.0 = Release|Win32
		{17C3E42C-647C-4130-ACD9-0D7E3BEADA57}.Release|x64.ActiveCfg = Release|x64
		{17C3E42C-647C-4130-ACD9-0D7E3BEADA57}.Release|x64.Build.0 = Release|x64
		{17C3E42C-647C-4130-ACD9-0D7E3BEADA57}.Tool DBG|Any CPU.ActiveCfg = Release|Win32
		{17C3E42C-647C-4130-ACD9-0D7E3BEADA57}.Tool DBG|Mixed Platforms.ActiveCfg = Release|Win32
		{17C3E42C-647C-4130-ACD9-0D7E3BEADA57}.Tool DBG|Mixed Platforms.Build.0 = Release|Win32
		{17C3E42C-647C-4130-ACD9-0D7E3BEADA57}.Tool DBG|Win32.ActiveCfg = Debug|Win32
		{17C3E42C-647C-4130-ACD9-0D7E3BEADA57}.Tool DBG|x64.ActiveCfg = Release|x64
		{17C3E42C-647C-4130-ACD9-0D7E3BEADA57}.Tool DBG|x64.Build.0 = Release|x64
		{17C3E42C-647C-4130-ACD9-0D7E3BEADA57}.Tools|Any CPU.ActiveCfg = Release|Win32
		{17C3E42C-647C-4130-ACD9-0D7E3BEADA57}.Tools|Mixed Platforms.ActiveCfg = Release|Win32
		{17C3E42C-647C-4130-ACD9-0D7E3BEADA57}.Tools|Mixed Platforms.Build.0 = Release|Win32
		{17C3E42C-647C-4130-ACD9-0D7E3BEADA57}.Tools|Win32.ActiveCfg = Release|Win32
		{17C3E42C-647C-4130-ACD9-0D7E3BEADA57}.Tools|x64.ActiveCfg = Release|x64
		{17C3E42C-647C-4130-ACD9-0D7E3BEADA57}.Tools|x64.Build.0 = Release|x64
		{672888D1-69C6-4D12-8757-F8B4684A1FF2}.Debug|Any CPU.ActiveCfg = Debug|Win32
		{672888D1-69C6-4D12-8757-F8B4684A1FF2}.Debug|Mixed Platforms.ActiveCfg = Debug|Win32
		{672888D1-69C6-4D12-8757-F8B4684A1FF2}.Debug|Mixed Platforms.Build.0 = Debug|Win32
		{672888D1-69C6-4D12-8757-F8B4684A1FF2}.Debug|Win32.ActiveCfg = Debug|Win32
		{672888D1-69C6-4D12-8757-F8B4684A1FF2}.Debug|Win32.Build.0 = Debug|Win32
		{672888D1-69C6-4D12-8757-F8B4684A1FF2}.Debug|x64.ActiveCfg = Debug|x64
		{672888D1-69C6-4D12-8757-F8B4684A1FF2}.Debug|x64.Build.0 = Debug|x64
		{672888D1-69C6-4D12-8757-F8B4684A1FF2}.Release|Any CPU.ActiveCfg = Release|Win32
		{672888D1-69C6-4D12-8757-F8B4684A1FF2}.Release|Mixed Platforms.ActiveCfg = Release|Win32
		{672888D1-69C6-4D12-8757-F8B4684A1FF2}.Release|Mixed Platforms.Build.0 = Release|Win32
		{672888D1-69C6-4D12-8757-F8B4684A1FF2}.Release|Win32.ActiveCfg = Release|Win32
		{672888D1-69C6-4D12-8757-F8B4684A1FF2}.Release|Win32.Build.0 = Release|Win32
		{672888D1-69C6-4D12-8757-F8B4684A1FF2}.Release|x64.ActiveCfg = Release|x64
		{672888D1-69C6-4D12-8757-F8B4684A1FF2}.Release|x64.Build.0 = Release|x64
		{672888D1-69C6-4D12-8757-F8B4684A1FF2}.Tool DBG|Any CPU.ActiveCfg = Release|Win32
		{672888D1-69C6-4D12-8757-F8B4684A1FF2}.Tool DBG|Mixed Platforms.ActiveCfg = Release|Win32
		{672888D1-69C6-4D12-8757-F8B4684A1FF2}.Tool DBG|Mixed Platforms.Build.0 = Release|Win32
		{672888D1-69C6-4D12-8757-F8B4684A1FF2}.Tool DBG|Win32.ActiveCfg = Debug|Win32
		{672888D1-69C6-4D12-8757-F8B4684A1FF2}.Tool DBG|x64.ActiveCfg = Release|x64
		{672888D1-69C6-4D12-8757-F8B4684A1FF2}.Tool DBG|x64.Build.0 = Release|x64
		{672888D1-69C6-4D12-8757-F8B4684A1FF2}.Tools|Any CPU.ActiveCfg = Release|Win32
		{672888D1-69C6-4D12-8757-F8B4684A1FF2}.Tools|Mixed Platforms.ActiveCfg = Release|Win32
		{672888D1-69C6-4D12-8757-F8B4684A1FF2}.Tools|Mixed Platforms.Build.0 = Release|Win32
		{672888D1-69C6-4D12-8757-F8B4684A1FF2}.Tools|Win32.ActiveCfg = Release|Win32
		{672888D1-69C6-4D12-8757-F8B4684A1FF2}.Tools|x64.ActiveCfg = Release|x64
		{672888D1-69C6-4D12-8757-F8B4684A1FF2}.Tools|x64.Build.0 = Release|x64
		{F980F363-FCC0-44D2-AE62-83BF4476C968}.Debug|Any CPU.ActiveCfg = Debug|Win32
		{F980F363-FCC0-44D2-AE62-83BF4476C968}.Debug|Mixed Platforms.ActiveCfg = Debug|Win32
		{F980F363-FCC0-44D2-AE62-83BF4476C968}.Debug|Mixed Platforms.Build.0 = Debug|Win32
		{F980F363-FCC0-44D2-AE62-83BF4476C968}.Debug|Win32.ActiveCfg = Debug|Win32
		{F980F363-FCC0-44D2-AE62-83BF4476C968}.Debug|Win32.Build.0 = Debug|Win32
		{F980F363-FCC0-44D2-AE62-83BF4476C968}.Debug|x64.ActiveCfg = Debug|x64
		{F980F363-FCC0-44D2-AE62-83BF4476C968}.Debug|x64.Build.0 = Debug|x64
		{F980F363-FCC0-44D2-AE62-83BF4476C968}.Release|Any CPU.ActiveCfg = Release|Win32
		{F980F363-FCC0-44D2-AE62-83BF4476C968}.Release|Mixed Platforms.ActiveCfg = Release|Win32
		{F980F363-FCC0-44D2-AE62-83BF4476C968}.Release|Mixed Platforms.Build.0 = Release|Win32
		{F980F363-FCC0-44D2-AE62-83BF4476C968}.Release|Win32.ActiveCfg = Release|Win32
		{F980F363-FCC0-44D2-AE62-83BF4476C968}.Release|Win32.Build.0 = Release|Win32
		{F980F363-FCC0-44D2-AE62-83BF4476C968}.Release|x64.ActiveCfg = Release|x64
		{F980F363-FCC0-44D2-AE62-83BF4476C968}.Release|x64.Build.0 = Release|x64
		{F980F363-FCC0-44D2-AE62-83BF4476C968}.Tool DBG|Any CPU.ActiveCfg = Release|Win32
		{F980F363-FCC0-44D2-AE62-83BF4476C968}.Tool DBG|Mixed Platforms.ActiveCfg = Release|Win32
		{F980F363-FCC0-44D2-AE62-83BF4476C968}.Tool DBG|Mixed Platforms.Build.0 = Release|Win32
		{F980F363-FCC0-44D2-AE62-83BF4476C968}.Tool DBG|Win32.ActiveCfg = Debug|Win32
		{F980F363-FCC0-44D2-AE62-83BF4476C968}.Tool DBG|x64.ActiveCfg = Release|x64
		{F980F363-FCC0-44D2-AE62-83BF4476C968}.Tool DBG|x64.Build.0 = Release|x64
		{F980F363-FCC0-44D2-AE62-83BF4476C968}.Tools|Any CPU.ActiveCfg = Release|Win32
		{F980F363-FCC0-44D2-AE62-83BF4476C968}.Tools|Mixed Platforms.ActiveCfg = Release|Win32
		{F980F363-FCC0-44D2-AE62-83BF4476C968}.Tools|Mixed Platforms.Build.0 = Release|Win32
		{F980F363-FCC0-44D2-AE62-83BF4476C968}.Tools|Win32.ActiveCfg = Release|Win32
		{F980F363-FCC0-44D2-AE62-83BF4476C968}.Tools|x64.ActiveCfg = Release|x64
		{F980F363-FCC0-44D2-AE62-83BF4476C968}.Tools|x64.Build.0 = Release|x64
		{55284A45-BC03-427B-9810-E8B55973295F}.Debug|Any CPU.ActiveCfg = Debug|Win32
		{55284A45-BC03-427B-9810-E8B55973295F}.Debug|Mixed Platforms.ActiveCfg = Debug|Win32
		{55284A45-BC03-427B-9810-E8B55973295F}.Debug|Mixed Platforms.Build.0 = Debug|Win32
		{55284A45-BC03-427B-9810-E8B55973295F}.Debug|Win32.ActiveCfg = Debug|Win32
		{55284A45-BC03-427B-9810-E8B55973295F}.Debug|Win32.Build.0 = Debug|Win32
		{55284A45-BC03-427B-9810-E8B55973295F}.Debug|x64.ActiveCfg = Debug|x64
		{55284A45-BC03-427B-9810-E8B55973295F}.Debug|x64.Build.0 = Debug|x64
		{55284A45-BC03-427B-9810-E8B55973295F}.Release|Any CPU.ActiveCfg = Release|Win32
		{55284A45-BC03-427B-9810-E8B55973295F}.Release|Mixed Platforms.ActiveCfg = Release|Win32
		{55284A45-BC03-427B-9810-E8B55973295F}.Release|Mixed Platforms.Build.0 = Release|Win32
		{55284A45-BC03-427B-9810-E8B55973295F}.Release|Win32.ActiveCfg = Release|Win32
		{55284A45-BC03-427B-9810-E8B55973295F}.Release|Win32.Build.0 = Release|Win32
		{55284A45-BC03-427B-9810-E8B55973295F}.Release|x64.ActiveCfg = Release|x64
		{55284A45-BC03-427B-9810-E8B55973295F}.Release|x64.Build.0 = Release|x64
		{55284A45-BC03-427B-9810-E8B55973295F}.Tool DBG|Any CPU.ActiveCfg = Release|Win32
		{55284A45-BC03-427B-9810-E8B55973295F}.Tool DBG|Mixed Platforms.ActiveCfg = Release|Win32
		{55284A45-BC03-427B-9810-E8B55973295F}.Tool DBG|Mixed Platforms.Build.0 = Release|Win32
		{55284A45-BC03-427B-9810-E8B55973295F}.Tool DBG|Win32.ActiveCfg = Debug|Win32
		{55284A45-BC03-427B-9810-E8B55973295F}.Tool DBG|x64.ActiveCfg = Release|x64
		{55284A45-BC03-427B-9810-E8B55973295F}.Tool DBG|x64.Build.0 = Release|x64
		{55284A45-BC03-427B-9810-E8B55973295F}.Tools|Any CPU.ActiveCfg = Release|Win32
		{55284A45-BC03-427B-9810-E8B55973295F}.Tools|Mixed Platforms.ActiveCfg = Release|Win32
		{55284A45-BC03-427B-9810-E8B55973295F}.Tools|Mixed Platforms.Build.0 = Release|Win32
		{55284A45-BC03-427B-9810-E8B55973295F}.Tools|Win32.ActiveCfg = Release|Win32
		{55284A45-BC03-427B-9810-E8B55973295F}.Tools|x64.ActiveCfg = Release|x64
		{55284A45-BC03-427B-9810-E8B55973295F}.Tools|x64.Build.0 = Release|x64
		{2109EE02-749C-4859-B841-AAD804974946}.Debug|Any CPU.ActiveCfg = Debug|Win32
		{2109EE02-749C-4859-B841-AAD804974946}.Debug|Mixed Platforms.ActiveCfg = Debug|Win32
		{2109EE02-749C-4859-B841-AAD804974946}.Debug|Mixed Platforms.Build.0 = Debug|Win32
		{2109EE02-749C-4859-B841-AAD804974946}.Debug|Win32.ActiveCfg = Debug|Win32
		{2109EE02-749C-4859-B841-AAD804974946}.Debug|Win32.Build.0 = Debug|Win32
		{2109EE02-749C-4859-B841-AAD804974946}.Debug|x64.ActiveCfg = Debug|x64
		{2109EE02-749C-4859-B841-AAD804974946}.Debug|x64.Build.0 = Debug|x64
		{2109EE02-749C-4859-B841-AAD804974946}.Release|Any CPU.ActiveCfg = Release|Win32
		{2109EE02-749C-4859-B841-AAD804974946}.Release|Mixed Platforms.ActiveCfg = Release|Win32
		{2109EE02-749C-4859-B841-AAD804974946}.Release|Mixed Platforms.Build.0 = Release|Win32
		{2109EE02-749C-4859-B841-AAD804974946}.Release|Win32.ActiveCfg = Release|Win32
		{2109EE02-749C-4859-B841-AAD804974946}.Release|Win32.Build.0 = Release|Win32
		{2109EE02-749C-4859-B841-AAD804974946}.Release|x64.ActiveCfg = Release|x64
		{2109EE02-749C-4859-B841-AAD804974946}.Release|x64.Build.0 = Release|x64
		{2109EE02-749C-4859-B841-AAD804974946}.Tool DBG|Any CPU.ActiveCfg = Release|Win32
		{2109EE02-749C-4859-B841-AAD804974946}.Tool DBG|Mixed Platforms.ActiveCfg = Release|Win32
		{2109EE02-749C-4859-B841-AAD804974946}.Tool DBG|Mixed Platforms.Build.0 = Release|Win32
		{2109EE02-749C-4859-B841-AAD804974946}.Tool DBG|Win32.ActiveCfg = Debug|Win32
		{2109EE02-749C-4859-B841-AAD804974946}.Tool DBG|x64.ActiveCfg = Release|x64
		{2109EE02-749C-4859-B841-AAD804974946}.Tool DBG|x64.Build.0 = Release|x64
		{2109EE02-749C-4859-B841-AAD804974946}.Tools|Any CPU.ActiveCfg = Release|Win32
		{2109EE02-749C-4859-B841-AAD804974946}.Tools|Mixed Platforms.ActiveCfg = Release|Win32
		{2109EE02-749C-4859-B841-AAD804974946}.Tools|Mixed Platforms.Build.0 = Release|Win32
		{2109EE02-749C-4859-B841-AAD804974946}.Tools|Win32.ActiveCfg = Release|Win32
		{2109EE02-749C-4859-B841-AAD804974946}.Tools|x64.ActiveCfg = Release|x64
		{2109EE02-749C-4859-B841-AAD804974946}.Tools|x64.Build.0 = Release|x64
		{97983366-AD76-46D6-B974-4169F4FE13A0}.Debug|Any CPU.ActiveCfg = Debug|Win32
		{97983366-AD76-46D6-B974-4169F4FE13A0}.Debug|Mixed Platforms.ActiveCfg = Debug|Win32
		{97983366-AD76-46D6-B974-4169F4FE13A0}.Debug|Mixed Platforms.Build.0 = Debug|Win32
		{97983366-AD76-46D6-B974-4169F4FE13A0}.Debug|Win32.ActiveCfg = Debug|Win32
		{97983366-AD76-46D6-B974-4169F4FE13A0}.Debug|Win32.Build.0 = Debug|Win32
		{97983366-AD76-46D6-B974-4169F4FE13A0}.Debug|x64.ActiveCfg = Debug|x64
		{97983366-AD76-46D6-B974-4169F4FE13A0}.Debug|x64.Build.0 = Debug|x64
		{97983366-AD76-46D6-B974-4169F4FE13A0}.Release|Any CPU.ActiveCfg = Release|Win32
		{97983366-AD76-46D6-B974-4169F4FE13A0}.Release|Mixed Platforms.ActiveCfg = Release|Win32
		{97983366-AD76-46D6-B974-4169F4FE13A0}.Release|Mixed Platforms.Build.0 = Release|Win32
		{97983366-AD76-46D6-B974-4169F4FE13A0}.Release|Win32.ActiveCfg = Release|Win32
		{97983366-AD76-46D6-B974-4169F4FE13A0}.Release|Win32.Build.0 = Release|Win32
		{97983366-AD76-46D6-B974-4169F4FE13A0}.Release|x64.ActiveCfg = Release|x64
		{97983366-AD76-46D6-B974-4169F4FE13A0}.Release|x64.Build.0 = Release|x64
		{97983366-AD76-46D6-B974-4169F4FE13A0}.Tool DBG|Any CPU.ActiveCfg = Release|Win32
		{97983366-AD76-46D6-B974-4169F4FE13A0}.Tool DBG|Mixed Platforms.ActiveCfg = Release|Win32
		{97983366-AD76-46D6-B974-4169F4FE13A0}.Tool DBG|Mixed Platforms.Build.0 = Release|Win32
		{97983366-AD76-46D6-B974-4169F4FE13A0}.Tool DBG|Win32.ActiveCfg = Debug|Win32
		{97983366-AD76-46D6-B974-4169F4FE13A0}.Tool DBG|x64.ActiveCfg = Release|x64
		{97983366-AD76-46D6-B974-4169F4FE13A0}.Tool DBG|x64.Build.0 = Release|x64
		{97983366-AD76-46D6-B974-4169F4FE13A0}.Tools|Any CPU.ActiveCfg = Release|Win32
		{97983366-AD76-46D6-B974-4169F4FE13A0}.Tools|Mixed Platforms.ActiveCfg = Release|Win32
		{97983366-AD76-46D6-B974-4169F4FE13A0}.Tools|Mixed Platforms.Build.0 = Release|Win32
		{97983366-AD76-46D6-B974-4169F4FE13A0}.Tools|Win32.ActiveCfg = Release|Win32
		{97983366-AD76-46D6-B974-4169F4FE13A0}.Tools|x64.ActiveCfg = Release|x64
		{97983366-AD76-46D6-B974-4169F4FE13A0}.Tools|x64.Build.0 = Release|x64
		{AF0D953C-BE31-4F51-96BF-6649C455A2BE}.Debug|Any CPU.ActiveCfg = Debug|Win32
		{AF0D953C-BE31-4F51-96BF-6649C455A2BE}.Debug|Mixed Platforms.ActiveCfg = Debug|Win32
		{AF0D953C-BE31-4F51-96BF-6649C455A2BE}.Debug|Mixed Platforms.Build.0 = Debug|Win32
		{AF0D953C-BE31-4F51-96BF-6649C455A2BE}.Debug|Win32.ActiveCfg = Debug|Win32
		{AF0D953C-BE31-4F51-96BF-6649C455A2BE}.Debug|Win32.Build.0 = Debug|Win32
		{AF0D953C-BE31-4F51-96BF-6649C455A2BE}.Debug|x64.ActiveCfg = Debug|x64
		{AF0D953C-BE31-4F51-96BF-6649C455A2BE}.Debug|x64.Build.0 = Debug|x64
		{AF0D953C-BE31-4F51-96BF-6649C455A2BE}.Release|Any CPU.ActiveCfg = Release|Win32
		{AF0D953C-BE31-4F51-96BF-6649C455A2BE}.Release|Mixed Platforms.ActiveCfg = Release|Win32
		{AF0D953C-BE31-4F51-96BF-6649C455A2BE}.Release|Mixed Platforms.Build.0 = Release|Win32
		{AF0D953C-BE31-4F51-96BF-6649C455A2BE}.Release|Win32.ActiveCfg = Release|Win32
		{AF0D953C-BE31-4F51-96BF-6649C455A2BE}.Release|Win32.Build.0 = Release|Win32
		{AF0D953C-BE31-4F51-96BF-6649C455A2BE}.Release|x64.ActiveCfg = Release|x64
		{AF0D953C-BE31-4F51-96BF-6649C455A2BE}.Release|x64.Build.0 = Release|x64
		{AF0D953C-BE31-4F51-96BF-6649C455A2BE}.Tool DBG|Any CPU.ActiveCfg = Release|Win32
		{AF0D953C-BE31-4F51-96BF-6649C455A2BE}.Tool DBG|Mixed Platforms.ActiveCfg = Release|Win32
		{AF0D953C-BE31-4F51-96BF-6649C455A2BE}.Tool DBG|Mixed Platforms.Build.0 = Release|Win32
		{AF0D953C-BE31-4F51-96BF-6649C455A2BE}.Tool DBG|Win32.ActiveCfg = Debug|Win32
		{AF0D953C-BE31-4F51-96BF-6649C455A2BE}.Tool DBG|Win32.Build.0 = Debug|Win32
		{AF0D953C-BE31-4F51-96BF-6649C455A2BE}.Tool DBG|x64.ActiveCfg = Release|x64
		{AF0D953C-BE31-4F51-96BF-6649C455A2BE}.Tool DBG|x64.Build.0 = Release|x64
		{AF0D953C-BE31-4F51-96BF-6649C455A2BE}.Tools|Any CPU.ActiveCfg = Release|Win32
		{AF0D953C-BE31-4F51-96BF-6649C455A2BE}.Tools|Mixed Platforms.ActiveCfg = Release|Win32
		{AF0D953C-BE31-4F51-96BF-6649C455A2BE}.Tools|Mixed Platforms.Build.0 = Release|Win32
		{AF0D953C-BE31-4F51-96BF-6649C455A2BE}.Tools|Win32.ActiveCfg = Release|Win32
		{AF0D953C-BE31-4F51-96BF-6649C455A2BE}.Tools|Win32.Build.0 = Release|Win32
		{AF0D953C-BE31-4F51-96BF-6649C455A2BE}.Tools|x64.ActiveCfg = Release|x64
		{AF0D953C-BE31-4F51-96BF-6649C455A2BE}.Tools|x64.Build.0 = Release|x64
		{D5D797DD-0259-48B8-86A2-B68C865BFB55}.Debug|Any CPU.ActiveCfg = Debug|Win32
		{D5D797DD-0259-48B8-86A2-B68C865BFB55}.Debug|Mixed Platforms.ActiveCfg = Debug|Win32
		{D5D797DD-0259-48B8-86A2-B68C865BFB55}.Debug|Mixed Platforms.Build.0 = Debug|Win32
		{D5D797DD-0259-48B8-86A2-B68C865BFB55}.Debug|Win32.ActiveCfg = Debug|Win32
		{D5D797DD-0259-48B8-86A2-B68C865BFB55}.Debug|x64.ActiveCfg = Debug|x64
		{D5D797DD-0259-48B8-86A2-B68C865BFB55}.Debug|x64.Build.0 = Debug|x64
		{D5D797DD-0259-48B8-86A2-B68C865BFB55}.Release|Any CPU.ActiveCfg = Release|Win32
		{D5D797DD-0259-48B8-86A2-B68C865BFB55}.Release|Mixed Platforms.ActiveCfg = Release|Win32
		{D5D797DD-0259-48B8-86A2-B68C865BFB55}.Release|Mixed Platforms.Build.0 = Release|Win32
		{D5D797DD-0259-48B8-86A2-B68C865BFB55}.Release|Win32.ActiveCfg = Release|Win32
		{D5D797DD-0259-48B8-86A2-B68C865BFB55}.Release|x64.ActiveCfg = Release|x64
		{D5D797DD-0259-48B8-86A2-B68C865BFB55}.Release|x64.Build.0 = Release|x64
		{D5D797DD-0259-48B8-86A2-B68C865BFB55}.Tool DBG|Any CPU.ActiveCfg = Release|Win32
		{D5D797DD-0259-48B8-86A2-B68C865BFB55}.Tool DBG|Mixed Platforms.ActiveCfg = Release|Win32
		{D5D797DD-0259-48B8-86A2-B68C865BFB55}.Tool DBG|Mixed Platforms.Build.0 = Release|Win32
		{D5D797DD-0259-48B8-86A2-B68C865BFB55}.Tool DBG|Win32.ActiveCfg = Debug|Win32
		{D5D797DD-0259-48B8-86A2-B68C865BFB55}.Tool DBG|Win32.Build.0 = Debug|Win32
		{D5D797DD-0259-48B8-86A2-B68C865BFB55}.Tool DBG|x64.ActiveCfg = Release|x64
		{D5D797DD-0259-48B8-86A2-B68C865BFB55}.Tool DBG|x64.Build.0 = Release|x64
		{D5D797DD-0259-48B8-86A2-B68C865BFB55}.Tools|Any CPU.ActiveCfg = Release|Win32
		{D5D797DD-0259-48B8-86A2-B68C865BFB55}.Tools|Mixed Platforms.ActiveCfg = Release|Win32
		{D5D797DD-0259-48B8-86A2-B68C865BFB55}.Tools|Mixed Platforms.Build.0 = Release|Win32
		{D5D797DD-0259-48B8-86A2-B68C865BFB55}.Tools|Win32.ActiveCfg = Release|Win32
		{D5D797DD-0259-48B8-86A2-B68C865BFB55}.Tools|Win32.Build.0 = Release|Win32
		{D5D797DD-0259-48B8-86A2-B68C865BFB55}.Tools|x64.ActiveCfg = Release|x64
		{D5D797DD-0259-48B8-86A2-B68C865BFB55}.Tools|x64.Build.0 = Release|x64
		{79BCF27D-423A-4F38-AA27-8C2E1BA4E525}.Debug|Any CPU.ActiveCfg = Debug|Win32
		{79BCF27D-423A-4F38-AA27-8C2E1BA4E525}.Debug|Mixed Platforms.ActiveCfg = Debug|Win32
		{79BCF27D-423A-4F38-AA27-8C2E1BA4E525}.Debug|Mixed Platforms.Build.0 = Debug|Win32
		{79BCF27D-423A-4F38-AA27-8C2E1BA4E525}.Debug|Win32.ActiveCfg = Debug|Win32
		{79BCF27D-423A-4F38-AA27-8C2E1BA4E525}.Debug|Win32.Build.0 = Debug|Win32
		{79BCF27D-423A-4F38-AA27-8C2E1BA4E525}.Debug|x64.ActiveCfg = Debug|x64
		{79BCF27D-423A-4F38-AA27-8C2E1BA4E525}.Debug|x64.Build.0 = Debug|x64
		{79BCF27D-423A-4F38-AA27-8C2E1BA4E525}.Release|Any CPU.ActiveCfg = Release|Win32
		{79BCF27D-423A-4F38-AA27-8C2E1BA4E525}.Release|Mixed Platforms.ActiveCfg = Release|Win32
		{79BCF27D-423A-4F38-AA27-8C2E1BA4E525}.Release|Mixed Platforms.Build.0 = Release|Win32
		{79BCF27D-423A-4F38-AA27-8C2E1BA4E525}.Release|Win32.ActiveCfg = Release|Win32
		{79BCF27D-423A-4F38-AA27-8C2E1BA4E525}.Release|Win32.Build.0 = Release|Win32
		{79BCF27D-423A-4F38-AA27-8C2E1BA4E525}.Release|x64.ActiveCfg = Release|x64
		{79BCF27D-423A-4F38-AA27-8C2E1BA4E525}.Release|x64.Build.0 = Release|x64
		{79BCF27D-423A-4F38-AA27-8C2E1BA4E525}.Tool DBG|Any CPU.ActiveCfg = Release|Win32
		{79BCF27D-423A-4F38-AA27-8C2E1BA4E525}.Tool DBG|Mixed Platforms.ActiveCfg = Release|Win32
		{79BCF27D-423A-4F38-AA27-8C2E1BA4E525}.Tool DBG|Mixed Platforms.Build.0 = Release|Win32
		{79BCF27D-423A-4F38-AA27-8C2E1BA4E525}.Tool DBG|Win32.ActiveCfg = Debug|Win32
		{79BCF27D-423A-4F38-AA27-8C2E1BA4E525}.Tool DBG|x64.ActiveCfg = Release|x64
		{79BCF27D-423A-4F38-AA27-8C2E1BA4E525}.Tool DBG|x64.Build.0 = Release|x64
		{79BCF27D-423A-4F38-AA27-8C2E1BA4E525}.Tools|Any CPU.ActiveCfg = Release|Win32
		{79BCF27D-423A-4F38-AA27-8C2E1BA4E525}.Tools|Mixed Platforms.ActiveCfg = Release|Win32
		{79BCF27D-423A-4F38-AA27-8C2E1BA4E525}.Tools|Mixed Platforms.Build.0 = Release|Win32
		{79BCF27D-423A-4F38-AA27-8C2E1BA4E525}.Tools|Win32.ActiveCfg = Release|Win32
		{79BCF27D-423A-4F38-AA27-8C2E1BA4E525}.Tools|x64.ActiveCfg = Release|x64
		{79BCF27D-423A-4F38-AA27-8C2E1BA4E525}.Tools|x64.Build.0 = Release|x64
		{3A71BE2A-7B37-4566-8D39-DD3FD89C6C0A}.Debug|Any CPU.ActiveCfg = Debug|Win32
		{3A71BE2A-7B37-4566-8D39-DD3FD89C6C0A}.Debug|Mixed Platforms.ActiveCfg = Debug|Win32
		{3A71BE2A-7B37-4566-8D39-DD3FD89C6C0A}.Debug|Mixed Platforms.Build.0 = Debug|Win32
		{3A71BE2A-7B37-4566-8D39-DD3FD89C6C0A}.Debug|Win32.ActiveCfg = Debug|Win32
		{3A71BE2A-7B37-4566-8D39-DD3FD89C6C0A}.Debug|x64.ActiveCfg = Debug|x64
		{3A71BE2A-7B37-4566-8D39-DD3FD89C6C0A}.Debug|x64.Build.0 = Debug|x64
		{3A71BE2A-7B37-4566-8D39-DD3FD89C6C0A}.Release|Any CPU.ActiveCfg = Release|Win32
		{3A71BE2A-7B37-4566-8D39-DD3FD89C6C0A}.Release|Mixed Platforms.ActiveCfg = Release|Win32
		{3A71BE2A-7B37-4566-8D39-DD3FD89C6C0A}.Release|Mixed Platforms.Build.0 = Release|Win32
		{3A71BE2A-7B37-4566-8D39-DD3FD89C6C0A}.Release|Win32.ActiveCfg = Release|Win32
		{3A71BE2A-7B37-4566-8D39-DD3FD89C6C0A}.Release|x64.ActiveCfg = Release|x64
		{3A71BE2A-7B37-4566-8D39-DD3FD89C6C0A}.Release|x64.Build.0 = Release|x64
		{3A71BE2A-7B37-4566-8D39-DD3FD89C6C0A}.Tool DBG|Any CPU.ActiveCfg = Release|Win32
		{3A71BE2A-7B37-4566-8D39-DD3FD89C6C0A}.Tool DBG|Mixed Platforms.ActiveCfg = Release|Win32
		{3A71BE2A-7B37-4566-8D39-DD3FD89C6C0A}.Tool DBG|Mixed Platforms.Build.0 = Release|Win32
		{3A71BE2A-7B37-4566-8D39-DD3FD89C6C0A}.Tool DBG|Win32.ActiveCfg = Debug|Win32
		{3A71BE2A-7B37-4566-8D39-DD3FD89C6C0A}.Tool DBG|Win32.Build.0 = Debug|Win32
		{3A71BE2A-7B37-4566-8D39-DD3FD89C6C0A}.Tool DBG|x64.ActiveCfg = Release|x64
		{3A71BE2A-7B37-4566-8D39-DD3FD89C6C0A}.Tool DBG|x64.Build.0 = Release|x64
		{3A71BE2A-7B37-4566-8D39-DD3FD89C6C0A}.Tools|Any CPU.ActiveCfg = Release|Win32
		{3A71BE2A-7B37-4566-8D39-DD3FD89C6C0A}.Tools|Mixed Platforms.ActiveCfg = Release|Win32
		{3A71BE2A-7B37-4566-8D39-DD3FD89C6C0A}.Tools|Mixed Platforms.Build.0 = Release|Win32
		{3A71BE2A-7B37-4566-8D39-DD3FD89C6C0A}.Tools|Win32.ActiveCfg = Release|Win32
		{3A71BE2A-7B37-4566-8D39-DD3FD89C6C0A}.Tools|Win32.Build.0 = Release|Win32
		{3A71BE2A-7B37-4566-8D39-DD3FD89C6C0A}.Tools|x64.ActiveCfg = Release|x64
		{3A71BE2A-7B37-4566-8D39-DD3FD89C6C0A}.Tools|x64.Build.0 = Release|x64
		{4067ADA5-F2DD-4C7A-94D9-763F0FD223A7}.Debug|Any CPU.ActiveCfg = Debug|Win32
		{4067ADA5-F2DD-4C7A-94D9-763F0FD223A7}.Debug|Mixed Platforms.ActiveCfg = Debug|Win32
		{4067ADA5-F2DD-4C7A-94D9-763F0FD223A7}.Debug|Mixed Platforms.Build.0 = Debug|Win32
		{4067ADA5-F2DD-4C7A-94D9-763F0FD223A7}.Debug|Win32.ActiveCfg = Debug|Win32
		{4067ADA5-F2DD-4C7A-94D9-763F0FD223A7}.Debug|Win32.Build.0 = Debug|Win32
		{4067ADA5-F2DD-4C7A-94D9-763F0FD223A7}.Debug|x64.ActiveCfg = Debug|x64
		{4067ADA5-F2DD-4C7A-94D9-763F0FD223A7}.Debug|x64.Build.0 = Debug|x64
		{4067ADA5-F2DD-4C7A-94D9-763F0FD223A7}.Release|Any CPU.ActiveCfg = Release|Win32
		{4067ADA5-F2DD-4C7A-94D9-763F0FD223A7}.Release|Mixed Platforms.ActiveCfg = Release|Win32
		{4067ADA5-F2DD-4C7A-94D9-763F0FD223A7}.Release|Mixed Platforms.Build.0 = Release|Win32
		{4067ADA5-F2DD-4C7A-94D9-763F0FD223A7}.Release|Win32.ActiveCfg = Release|Win32
		{4067ADA5-F2DD-4C7A-94D9-763F0FD223A7}.Release|Win32.Build.0 = Release|Win32
		{4067ADA5-F2DD-4C7A-94D9-763F0FD223A7}.Release|x64.ActiveCfg = Release|x64
		{4067ADA5-F2DD-4C7A-94D9-763F0FD223A7}.Release|x64.Build.0 = Release|x64
		{4067ADA5-F2DD-4C7A-94D9-763F0FD223A7}.Tool DBG|Any CPU.ActiveCfg = Release|Win32
		{4067ADA5-F2DD-4C7A-94D9-763F0FD223A7}.Tool DBG|Mixed Platforms.ActiveCfg = Release|Win32
		{4067ADA5-F2DD-4C7A-94D9-763F0FD223A7}.Tool DBG|Mixed Platforms.Build.0 = Release|Win32
		{4067ADA5-F2DD-4C7A-94D9-763F0FD223A7}.Tool DBG|Win32.ActiveCfg = Release|Win32
		{4067ADA5-F2DD-4C7A-94D9-763F0FD223A7}.Tool DBG|x64.ActiveCfg = Release|x64
		{4067ADA5-F2DD-4C7A-94D9-763F0FD223A7}.Tool DBG|x64.Build.0 = Release|x64
		{4067ADA5-F2DD-4C7A-94D9-763F0FD223A7}.Tools|Any CPU.ActiveCfg = Release|Win32
		{4067ADA5-F2DD-4C7A-94D9-763F0FD223A7}.Tools|Mixed Platforms.ActiveCfg = Release|Win32
		{4067ADA5-F2DD-4C7A-94D9-763F0FD223A7}.Tools|Mixed Platforms.Build.0 = Release|Win32
		{4067ADA5-F2DD-4C7A-94D9-763F0FD223A7}.Tools|Win32.ActiveCfg = Release|Win32
		{4067ADA5-F2DD-4C7A-94D9-763F0FD223A7}.Tools|x64.ActiveCfg = Release|x64
		{4067ADA5-F2DD-4C7A-94D9-763F0FD223A7}.Tools|x64.Build.0 = Release|x64
		{2709ED34-EE40-4C0A-89B8-FF945CB4842D}.Debug|Any CPU.ActiveCfg = Debug|Win32
		{2709ED34-EE40-4C0A-89B8-FF945CB4842D}.Debug|Mixed Platforms.ActiveCfg = Debug|Win32
		{2709ED34-EE40-4C0A-89B8-FF945CB4842D}.Debug|Mixed Platforms.Build.0 = Debug|Win32
		{2709ED34-EE40-4C0A-89B8-FF945CB4842D}.Debug|Win32.ActiveCfg = Debug|Win32
		{2709ED34-EE40-4C0A-89B8-FF945CB4842D}.Debug|Win32.Build.0 = Debug|Win32
		{2709ED34-EE40-4C0A-89B8-FF945CB4842D}.Debug|x64.ActiveCfg = Debug|x64
		{2709ED34-EE40-4C0A-89B8-FF945CB4842D}.Debug|x64.Build.0 = Debug|x64
		{2709ED34-EE40-4C0A-89B8-FF945CB4842D}.Release|Any CPU.ActiveCfg = Release|Win32
		{2709ED34-EE40-4C0A-89B8-FF945CB4842D}.Release|Mixed Platforms.ActiveCfg = Release|Win32
		{2709ED34-EE40-4C0A-89B8-FF945CB4842D}.Release|Mixed Platforms.Build.0 = Release|Win32
		{2709ED34-EE40-4C0A-89B8-FF945CB4842D}.Release|Win32.ActiveCfg = Release|Win32
		{2709ED34-EE40-4C0A-89B8-FF945CB4842D}.Release|Win32.Build.0 = Release|Win32
		{2709ED34-EE40-4C0A-89B8-FF945CB4842D}.Release|x64.ActiveCfg = Release|x64
		{2709ED34-EE40-4C0A-89B8-FF945CB4842D}.Release|x64.Build.0 = Release|x64
		{2709ED34-EE40-4C0A-89B8-FF945CB4842D}.Tool DBG|Any CPU.ActiveCfg = Release|Win32
		{2709ED34-EE40-4C0A-89B8-FF945CB4842D}.Tool DBG|Mixed Platforms.ActiveCfg = Release|Win32
		{2709ED34-EE40-4C0A-89B8-FF945CB4842D}.Tool DBG|Mixed Platforms.Build.0 = Release|Win32
		{2709ED34-EE40-4C0A-89B8-FF945CB4842D}.Tool DBG|Win32.ActiveCfg = Release|Win32
		{2709ED34-EE40-4C0A-89B8-FF945CB4842D}.Tool DBG|x64.ActiveCfg = Release|x64
		{2709ED34-EE40-4C0A-89B8-FF945CB4842D}.Tool DBG|x64.Build.0 = Release|x64
		{2709ED34-EE40-4C0A-89B8-FF945CB4842D}.Tools|Any CPU.ActiveCfg = Release|Win32
		{2709ED34-EE40-4C0A-89B8-FF945CB4842D}.Tools|Mixed Platforms.ActiveCfg = Release|Win32
		{2709ED34-EE40-4C0A-89B8-FF945CB4842D}.Tools|Mixed Platforms.Build.0 = Release|Win32
		{2709ED34-EE40-4C0A-89B8-FF945CB4842D}.Tools|Win32.ActiveCfg = Release|Win32
		{2709ED34-EE40-4C0A-89B8-FF945CB4842D}.Tools|x64.ActiveCfg = Release|x64
		{2709ED34-EE40-4C0A-89B8-FF945CB4842D}.Tools|x64.Build.0 = Release|x64
	EndGlobalSection
	GlobalSection(SolutionProperties) = preSolution
		HideSolutionNode = FALSE
	EndGlobalSection
	GlobalSection(NestedProjects) = preSolution
		{5ACE6300-6196-4C7D-81CB-9AF09421C312} = {CA01F63B-CD61-4051-8E99-2A2A245F0DFC}
		{ADDFF1E2-C5D4-4217-A5B3-96ECED2C3584} = {4B749E9D-3F25-423E-8207-87B8ED9044D9}
		{4DA03747-F505-4A98-9124-03B3B73B9B3B} = {4B749E9D-3F25-423E-8207-87B8ED9044D9}
		{672888D1-69C6-4D12-8757-F8B4684A1FF2} = {CA01F63B-CD61-4051-8E99-2A2A245F0DFC}
		{55284A45-BC03-427B-9810-E8B55973295F} = {3DDC63F1-A9D2-4A2D-9021-1995474C1324}
		{2109EE02-749C-4859-B841-AAD804974946} = {CA01F63B-CD61-4051-8E99-2A2A245F0DFC}
		{97983366-AD76-46D6-B974-4169F4FE13A0} = {CA01F63B-CD61-4051-8E99-2A2A245F0DFC}
		{D5D797DD-0259-48B8-86A2-B68C865BFB55} = {3DDC63F1-A9D2-4A2D-9021-1995474C1324}
		{79BCF27D-423A-4F38-AA27-8C2E1BA4E525} = {CA01F63B-CD61-4051-8E99-2A2A245F0DFC}
		{3A71BE2A-7B37-4566-8D39-DD3FD89C6C0A} = {CA01F63B-CD61-4051-8E99-2A2A245F0DFC}
	EndGlobalSection
EndGlobal
