<?xml version="1.0" encoding="utf-8"?>
<Project ToolsVersion="4.0" xmlns="http://schemas.microsoft.com/developer/msbuild/2003">
  <ItemGroup>
    <Filter Include="Source Files">
      <UniqueIdentifier>{4FC737F1-C7A5-4376-A066-2A32D752A2FF}</UniqueIdentifier>
      <Extensions>cpp;c;cc;cxx;def;odl;idl;hpj;bat;asm;asmx</Extensions>
    </Filter>
    <Filter Include="Header Files">
      <UniqueIdentifier>{93995380-89BD-4b04-88EB-625FBE52EBFB}</UniqueIdentifier>
      <Extensions>h;hpp;hxx;hm;inl;inc;xsd</Extensions>
    </Filter>
    <Filter Include="_libs">
      <UniqueIdentifier>{21cc4e82-c187-4535-8893-28f20afb21e2}</UniqueIdentifier>
    </Filter>
    <Filter Include="_libs\Shared">
      <UniqueIdentifier>{5acec229-dedb-4b28-acee-50a377bb2b93}</UniqueIdentifier>
    </Filter>
    <Filter Include="_libs\Shared\include">
      <UniqueIdentifier>{afb4ab3c-4619-4589-b7ab-0a4c255896b5}</UniqueIdentifier>
    </Filter>
    <Filter Include="_libs\Shared\lib">
      <UniqueIdentifier>{c24ced27-fff9-46b0-a584-28698c0edee5}</UniqueIdentifier>
    </Filter>
  </ItemGroup>
  <ItemGroup>
    <ClInclude Include="src\ManagedObject.h">
      <Filter>Header Files</Filter>
    </ClInclude>
    <ClInclude Include="src\ManagedObjectCondition.h">
      <Filter>Header Files</Filter>
    </ClInclude>
    <ClInclude Include="src\Manager.h">
      <Filter>Header Files</Filter>
    </ClInclude>
    <ClInclude Include="..\ExternLibs\Shared\include\ChunkHeader.h">
      <Filter>_libs\Shared\include</Filter>
    </ClInclude>
    <ClInclude Include="..\ExternLibs\Shared\include\GameAssert.h">
      <Filter>_libs\Shared\include</Filter>
    </ClInclude>
    <ClInclude Include="..\ExternLibs\Shared\include\PackageHeader.h">
      <Filter>_libs\Shared\include</Filter>
    </ClInclude>
    <ClInclude Include="..\ExternLibs\Shared\include\Execute.h">
      <Filter>_libs\Shared\include</Filter>
    </ClInclude>
  </ItemGroup>
  <ItemGroup>
    <ClCompile Include="src\ManagedObject.cpp">
      <Filter>Source Files</Filter>
    </ClCompile>
    <ClCompile Include="src\Manager.cpp">
      <Filter>Source Files</Filter>
    </ClCompile>
  </ItemGroup>
  <ItemGroup>
    <Library Include="..\ExternLibs\Shared\lib\Shared_Debug.lib">
      <Filter>_libs\Shared\lib</Filter>
    </Library>
    <Library Include="..\ExternLibs\Shared\lib\Shared_Release.lib">
      <Filter>_libs\Shared\lib</Filter>
    </Library>
  </ItemGroup>
</Project>