<?xml version="1.0" encoding="utf-8"?>
<Project ToolsVersion="4.0" xmlns="http://schemas.microsoft.com/developer/msbuild/2003">
  <ItemGroup>
    <Filter Include="Camera">
      <UniqueIdentifier>{06a430ce-86fa-4e0a-8801-bc955eae58ba}</UniqueIdentifier>
    </Filter>
    <Filter Include="Actor">
      <UniqueIdentifier>{aa144959-c9c6-4349-9e9c-66e2761894ae}</UniqueIdentifier>
    </Filter>
    <Filter Include="Input">
      <UniqueIdentifier>{bef12da2-03dc-49a0-ad87-1d9d3add8e3d}</UniqueIdentifier>
    </Filter>
    <Filter Include="Lighting">
      <UniqueIdentifier>{9056cd22-822a-4593-85ef-7decde24157a}</UniqueIdentifier>
    </Filter>
    <Filter Include="Texture">
      <UniqueIdentifier>{c668a317-696f-4179-80dd-0f5f94f98cc9}</UniqueIdentifier>
    </Filter>
    <Filter Include="Utility">
      <UniqueIdentifier>{9d97b1ae-80b7-441e-a873-5c9977405686}</UniqueIdentifier>
    </Filter>
    <Filter Include="Core">
      <UniqueIdentifier>{2b60d538-2cca-4d4f-8edc-ff6f294da3ff}</UniqueIdentifier>
    </Filter>
    <Filter Include="Core\Update">
      <UniqueIdentifier>{3c3182cf-217e-49cb-bc73-a1180da780f9}</UniqueIdentifier>
    </Filter>
    <Filter Include="Asset">
      <UniqueIdentifier>{7d94c3a1-3099-47cd-b3e8-1294ca04f848}</UniqueIdentifier>
    </Filter>
    <Filter Include="Asset\Events">
      <UniqueIdentifier>{d02fb3ac-9222-42f4-85b4-ef72f46445c1}</UniqueIdentifier>
    </Filter>
    <Filter Include="Models">
      <UniqueIdentifier>{49da30c7-2f5b-4a37-ba30-b3d0ee36dce6}</UniqueIdentifier>
    </Filter>
    <Filter Include="Shading">
      <UniqueIdentifier>{88220132-42a3-412d-b615-623b2d19dc3a}</UniqueIdentifier>
    </Filter>
    <Filter Include="Shading\HLSL">
      <UniqueIdentifier>{72344d0a-69c5-43b1-846e-346972e97a29}</UniqueIdentifier>
    </Filter>
    <Filter Include="Shading\HLSL\Animation">
      <UniqueIdentifier>{dc394516-5575-4eb3-9cf4-5f1c5ebf7092}</UniqueIdentifier>
    </Filter>
    <Filter Include="Shading\HLSL\Skin">
      <UniqueIdentifier>{87389589-a646-41ab-a0b7-f15009deb4a7}</UniqueIdentifier>
    </Filter>
    <Filter Include="Shading\HLSL\Skin\Lit Texture">
      <UniqueIdentifier>{26d9dbf2-c0b1-4a1a-8a2d-fbf60aad3374}</UniqueIdentifier>
    </Filter>
    <Filter Include="Shading\HLSL\Skin\Wireframe">
      <UniqueIdentifier>{98f949c5-85ef-40d0-adbb-ad862ae0402c}</UniqueIdentifier>
    </Filter>
    <Filter Include="Shading\HLSL\Skin\Unlit Texture">
      <UniqueIdentifier>{1e29475d-ef82-4e81-beb1-e8b5bb070ce0}</UniqueIdentifier>
    </Filter>
    <Filter Include="Shading\Materials">
      <UniqueIdentifier>{4ee19f71-9205-4313-b99e-50c3e798d919}</UniqueIdentifier>
    </Filter>
  </ItemGroup>
  <ItemGroup>
    <ClCompile Include="src\Actor.cpp">
      <Filter>Actor</Filter>
    </ClCompile>
    <ClCompile Include="src\ActorManager.cpp">
      <Filter>Actor</Filter>
    </ClCompile>
    <ClCompile Include="src\Moveable.cpp">
      <Filter>Core\Update</Filter>
    </ClCompile>
    <ClCompile Include="src\Camera.cpp">
      <Filter>Camera</Filter>
    </ClCompile>
    <ClCompile Include="src\CameraManager.cpp">
      <Filter>Camera</Filter>
    </ClCompile>
    <ClCompile Include="src\KeyBinding.cpp">
      <Filter>Input</Filter>
    </ClCompile>
    <ClCompile Include="src\KeyBindingManager.cpp">
      <Filter>Input</Filter>
    </ClCompile>
    <ClCompile Include="src\DirectionLight.cpp">
      <Filter>Lighting</Filter>
    </ClCompile>
    <ClCompile Include="src\DirectionLightManager.cpp">
      <Filter>Lighting</Filter>
    </ClCompile>
    <ClCompile Include="src\Texture.cpp">
      <Filter>Texture</Filter>
    </ClCompile>
    <ClCompile Include="src\TextureManager.cpp">
      <Filter>Texture</Filter>
    </ClCompile>
    <ClCompile Include="src\Animation.cpp">
      <Filter>Models</Filter>
    </ClCompile>
    <ClCompile Include="src\KeyFrame.cpp">
      <Filter>Models</Filter>
    </ClCompile>
    <ClCompile Include="src\Model.cpp">
      <Filter>Models</Filter>
    </ClCompile>
    <ClCompile Include="src\ModelBase.cpp">
      <Filter>Models</Filter>
    </ClCompile>
    <ClCompile Include="src\ModelBaseManager.cpp">
      <Filter>Models</Filter>
    </ClCompile>
    <ClCompile Include="src\GlobalHeaps.cpp">
      <Filter>Utility</Filter>
    </ClCompile>
    <ClCompile Include="src\Engine.cpp">
      <Filter>Core</Filter>
    </ClCompile>
    <ClCompile Include="src\AppInfo.cpp">
      <Filter>Core</Filter>
    </ClCompile>
    <ClCompile Include="src\ModelAsset.cpp">
      <Filter>Asset</Filter>
    </ClCompile>
    <ClCompile Include="src\ActorAsset.cpp">
      <Filter>Asset</Filter>
    </ClCompile>
    <ClCompile Include="src\SceneAsset.cpp">
      <Filter>Asset</Filter>
    </ClCompile>
    <ClCompile Include="src\YieldMutex.cpp">
      <Filter>Utility</Filter>
    </ClCompile>
    <ClCompile Include="src\UpdateEventManager.cpp">
      <Filter>Core\Update</Filter>
    </ClCompile>
    <ClCompile Include="src\ChangeSceneUpdateEvent.cpp">
      <Filter>Asset\Events</Filter>
    </ClCompile>
    <ClCompile Include="src\LitTextureMaterial.cpp">
      <Filter>Shading\Materials</Filter>
    </ClCompile>
    <ClCompile Include="src\Material.cpp">
      <Filter>Shading\Materials</Filter>
    </ClCompile>
    <ClCompile Include="src\UnlitTextureMaterial.cpp">
      <Filter>Shading\Materials</Filter>
    </ClCompile>
    <ClCompile Include="src\WireframeMaterial.cpp">
      <Filter>Shading\Materials</Filter>
    </ClCompile>
    <ClCompile Include="src\CalculateSkeletonShader.cpp">
      <Filter>Shading</Filter>
    </ClCompile>
    <ClCompile Include="src\FileLoader.cpp">
      <Filter>Utility</Filter>
    </ClCompile>
  </ItemGroup>
  <ItemGroup>
    <ClInclude Include="src\Actor.h">
      <Filter>Actor</Filter>
    </ClInclude>
    <ClInclude Include="src\ActorManager.h">
      <Filter>Actor</Filter>
    </ClInclude>
    <ClInclude Include="src\Moveable.h">
      <Filter>Core\Update</Filter>
    </ClInclude>
    <ClInclude Include="src\UpdateStrategy.h">
      <Filter>Core\Update</Filter>
    </ClInclude>
    <ClInclude Include="src\Camera.h">
      <Filter>Camera</Filter>
    </ClInclude>
    <ClInclude Include="src\CameraManager.h">
      <Filter>Camera</Filter>
    </ClInclude>
    <ClInclude Include="src\KeyAction.h">
      <Filter>Input</Filter>
    </ClInclude>
    <ClInclude Include="src\KeyBinding.h">
      <Filter>Input</Filter>
    </ClInclude>
    <ClInclude Include="src\KeyBindingManager.h">
      <Filter>Input</Filter>
    </ClInclude>
    <ClInclude Include="src\DirectionLight.h">
      <Filter>Lighting</Filter>
    </ClInclude>
    <ClInclude Include="src\DirectionLightManager.h">
      <Filter>Lighting</Filter>
    </ClInclude>
    <ClInclude Include="src\Texture.h">
      <Filter>Texture</Filter>
    </ClInclude>
    <ClInclude Include="src\TextureManager.h">
      <Filter>Texture</Filter>
    </ClInclude>
    <ClInclude Include="src\Animation.h">
      <Filter>Models</Filter>
    </ClInclude>
    <ClInclude Include="src\KeyFrame.h">
      <Filter>Models</Filter>
    </ClInclude>
    <ClInclude Include="src\Model.h">
      <Filter>Models</Filter>
    </ClInclude>
    <ClInclude Include="src\ModelBase.h">
      <Filter>Models</Filter>
    </ClInclude>
    <ClInclude Include="src\ModelBaseManager.h">
      <Filter>Models</Filter>
    </ClInclude>
    <ClInclude Include="src\GlobalHeaps.h">
      <Filter>Utility</Filter>
    </ClInclude>
    <ClInclude Include="src\Engine.h">
      <Filter>Core</Filter>
    </ClInclude>
    <ClInclude Include="src\MemorySetup.h">
      <Filter>Core</Filter>
    </ClInclude>
    <ClInclude Include="src\AppInfo.h">
      <Filter>Core</Filter>
    </ClInclude>
    <ClInclude Include="src\ReflectedVect.h">
      <Filter>Utility</Filter>
    </ClInclude>
    <ClInclude Include="src\EngineMessages.h">
      <Filter>Core</Filter>
    </ClInclude>
    <ClInclude Include="src\ModelAsset.h">
      <Filter>Asset</Filter>
    </ClInclude>
    <ClInclude Include="src\ActorAsset.h">
      <Filter>Asset</Filter>
    </ClInclude>
    <ClInclude Include="src\SceneAsset.h">
      <Filter>Asset</Filter>
    </ClInclude>
    <ClInclude Include="src\YieldMutex.h">
      <Filter>Utility</Filter>
    </ClInclude>
    <ClInclude Include="src\UpdateEvent.h">
      <Filter>Core\Update</Filter>
    </ClInclude>
    <ClInclude Include="src\UpdateEventManager.h">
      <Filter>Core\Update</Filter>
    </ClInclude>
    <ClInclude Include="src\ChangeSceneUpdateEvent.h">
      <Filter>Asset\Events</Filter>
    </ClInclude>
    <ClInclude Include="src\AssetDeleteListener.h">
      <Filter>Asset\Events</Filter>
    </ClInclude>
    <ClInclude Include="src\Asset.h">
      <Filter>Asset</Filter>
    </ClInclude>
    <ClInclude Include="src\DirectXAssert.h">
      <Filter>Utility</Filter>
    </ClInclude>
    <ClInclude Include="src\SharedShaderDefines.h">
      <Filter>Shading</Filter>
    </ClInclude>
    <ClInclude Include="src\Material.h">
      <Filter>Shading\Materials</Filter>
    </ClInclude>
    <ClInclude Include="src\LitTextureMaterial.h">
      <Filter>Shading\Materials</Filter>
    </ClInclude>
    <ClInclude Include="src\UnlitTextureMaterial.h">
      <Filter>Shading\Materials</Filter>
    </ClInclude>
    <ClInclude Include="src\WireframeMaterial.h">
      <Filter>Shading\Materials</Filter>
    </ClInclude>
    <ClInclude Include="src\CalculateSkeletonShader.h">
      <Filter>Shading</Filter>
    </ClInclude>
    <ClInclude Include="src\FileLoader.h">
      <Filter>Utility</Filter>
    </ClInclude>
  </ItemGroup>
  <ItemGroup>
    <FxCompile Include="hlsl\LitTexture.ps.hlsl">
      <Filter>Shading\HLSL\Skin\Lit Texture</Filter>
    </FxCompile>
    <FxCompile Include="hlsl\LitTexture.vs.hlsl">
      <Filter>Shading\HLSL\Skin\Lit Texture</Filter>
    </FxCompile>
    <FxCompile Include="hlsl\UnlitTexture.ps.hlsl">
      <Filter>Shading\HLSL\Skin\Unlit Texture</Filter>
    </FxCompile>
    <FxCompile Include="hlsl\UnlitTexture.vs.hlsl">
      <Filter>Shading\HLSL\Skin\Unlit Texture</Filter>
    </FxCompile>
    <FxCompile Include="hlsl\Wireframe.ps.hlsl">
      <Filter>Shading\HLSL\Skin\Wireframe</Filter>
    </FxCompile>
    <FxCompile Include="hlsl\Wireframe.vs.hlsl">
      <Filter>Shading\HLSL\Skin\Wireframe</Filter>
    </FxCompile>
    <FxCompile Include="hlsl\CalculateSkeleton.cs.hlsl">
      <Filter>Shading\HLSL\Animation</Filter>
    </FxCompile>
  </ItemGroup>
  <ItemGroup>
    <None Include="hlsl\LitTexture.hlsli">
      <Filter>Shading\HLSL\Skin\Lit Texture</Filter>
    </None>
    <None Include="hlsl\UnlitTexture.hlsli">
      <Filter>Shading\HLSL\Skin\Unlit Texture</Filter>
    </None>
    <None Include="hlsl\Interpolation.hlsli">
      <Filter>Shading\HLSL\Animation</Filter>
    </None>
    <None Include="hlsl\VSInput.hlsli">
      <Filter>Shading\HLSL\Skin</Filter>
    </None>
    <None Include="hlsl\PSInput.hlsli">
      <Filter>Shading\HLSL</Filter>
    </None>
  </ItemGroup>
</Project>