<?xml version="1.0" encoding="utf-8"?>
<Project ToolsVersion="4.0" xmlns="http://schemas.microsoft.com/developer/msbuild/2003">
  <ItemGroup>
    <Filter Include="Camera">
      <UniqueIdentifier>{06a430ce-86fa-4e0a-8801-bc955eae58ba}</UniqueIdentifier>
    </Filter>
    <Filter Include="Actor">
      <UniqueIdentifier>{aa144959-c9c6-4349-9e9c-66e2761894ae}</UniqueIdentifier>
    </Filter>
    <Filter Include="Input">
      <UniqueIdentifier>{bef12da2-03dc-49a0-ad87-1d9d3add8e3d}</UniqueIdentifier>
    </Filter>
    <Filter Include="Lighting">
      <UniqueIdentifier>{9056cd22-822a-4593-85ef-7decde24157a}</UniqueIdentifier>
    </Filter>
    <Filter Include="Texture">
      <UniqueIdentifier>{c668a317-696f-4179-80dd-0f5f94f98cc9}</UniqueIdentifier>
    </Filter>
    <Filter Include="Model">
      <UniqueIdentifier>{49da30c7-2f5b-4a37-ba30-b3d0ee36dce6}</UniqueIdentifier>
    </Filter>
    <Filter Include="Shading">
      <UniqueIdentifier>{88220132-42a3-412d-b615-623b2d19dc3a}</UniqueIdentifier>
    </Filter>
    <Filter Include="Utility">
      <UniqueIdentifier>{9d97b1ae-80b7-441e-a873-5c9977405686}</UniqueIdentifier>
    </Filter>
    <Filter Include="Core">
      <UniqueIdentifier>{2b60d538-2cca-4d4f-8edc-ff6f294da3ff}</UniqueIdentifier>
    </Filter>
    <Filter Include="Core\Draw">
      <UniqueIdentifier>{173c58a5-9e3c-4e15-8940-77134ff6efd0}</UniqueIdentifier>
    </Filter>
    <Filter Include="Core\Update">
      <UniqueIdentifier>{3c3182cf-217e-49cb-bc73-a1180da780f9}</UniqueIdentifier>
    </Filter>
    <Filter Include="Shading\HLSL">
      <UniqueIdentifier>{72344d0a-69c5-43b1-846e-346972e97a29}</UniqueIdentifier>
    </Filter>
  </ItemGroup>
  <ItemGroup>
    <ClCompile Include="src\Actor.cpp">
      <Filter>Actor</Filter>
    </ClCompile>
    <ClCompile Include="src\ActorManager.cpp">
      <Filter>Actor</Filter>
    </ClCompile>
    <ClCompile Include="src\DrawStrategy.cpp">
      <Filter>Core\Draw</Filter>
    </ClCompile>
    <ClCompile Include="src\Moveable.cpp">
      <Filter>Core\Update</Filter>
    </ClCompile>
    <ClCompile Include="src\Camera.cpp">
      <Filter>Camera</Filter>
    </ClCompile>
    <ClCompile Include="src\CameraManager.cpp">
      <Filter>Camera</Filter>
    </ClCompile>
    <ClCompile Include="src\KeyBinding.cpp">
      <Filter>Input</Filter>
    </ClCompile>
    <ClCompile Include="src\KeyBindingManager.cpp">
      <Filter>Input</Filter>
    </ClCompile>
    <ClCompile Include="src\DirectionLight.cpp">
      <Filter>Lighting</Filter>
    </ClCompile>
    <ClCompile Include="src\DirectionLightManager.cpp">
      <Filter>Lighting</Filter>
    </ClCompile>
    <ClCompile Include="src\LightingTextureMaterial.cpp">
      <Filter>Texture</Filter>
    </ClCompile>
    <ClCompile Include="src\TextureMaterial.cpp">
      <Filter>Texture</Filter>
    </ClCompile>
    <ClCompile Include="src\WireframeMaterial.cpp">
      <Filter>Texture</Filter>
    </ClCompile>
    <ClCompile Include="src\Texture.cpp">
      <Filter>Texture</Filter>
    </ClCompile>
    <ClCompile Include="src\TextureManager.cpp">
      <Filter>Texture</Filter>
    </ClCompile>
    <ClCompile Include="src\Animation.cpp">
      <Filter>Model</Filter>
    </ClCompile>
    <ClCompile Include="src\Bone.cpp">
      <Filter>Model</Filter>
    </ClCompile>
    <ClCompile Include="src\BoneManager.cpp">
      <Filter>Model</Filter>
    </ClCompile>
    <ClCompile Include="src\HierarchyElement.cpp">
      <Filter>Model</Filter>
    </ClCompile>
    <ClCompile Include="src\KeyFrame.cpp">
      <Filter>Model</Filter>
    </ClCompile>
    <ClCompile Include="src\Model.cpp">
      <Filter>Model</Filter>
    </ClCompile>
    <ClCompile Include="src\ModelBase.cpp">
      <Filter>Model</Filter>
    </ClCompile>
    <ClCompile Include="src\ModelBaseManager.cpp">
      <Filter>Model</Filter>
    </ClCompile>
    <ClCompile Include="src\Shader.cpp">
      <Filter>Shading</Filter>
    </ClCompile>
    <ClCompile Include="src\ShaderFactory.cpp">
      <Filter>Shading</Filter>
    </ClCompile>
    <ClCompile Include="src\ShaderManager.cpp">
      <Filter>Shading</Filter>
    </ClCompile>
    <ClCompile Include="src\GlobalHeaps.cpp">
      <Filter>Utility</Filter>
    </ClCompile>
    <ClCompile Include="src\Engine.cpp">
      <Filter>Core</Filter>
    </ClCompile>
    <ClCompile Include="src\AppInfo.cpp">
      <Filter>Core</Filter>
    </ClCompile>
  </ItemGroup>
  <ItemGroup>
    <ClInclude Include="src\Actor.h">
      <Filter>Actor</Filter>
    </ClInclude>
    <ClInclude Include="src\ActorManager.h">
      <Filter>Actor</Filter>
    </ClInclude>
    <ClInclude Include="src\DrawInfo.h">
      <Filter>Core\Draw</Filter>
    </ClInclude>
    <ClInclude Include="src\DrawStrategy.h">
      <Filter>Core\Draw</Filter>
    </ClInclude>
    <ClInclude Include="src\Moveable.h">
      <Filter>Core\Update</Filter>
    </ClInclude>
    <ClInclude Include="src\UpdateStrategy.h">
      <Filter>Core\Update</Filter>
    </ClInclude>
    <ClInclude Include="src\Camera.h">
      <Filter>Camera</Filter>
    </ClInclude>
    <ClInclude Include="src\CameraManager.h">
      <Filter>Camera</Filter>
    </ClInclude>
    <ClInclude Include="src\KeyAction.h">
      <Filter>Input</Filter>
    </ClInclude>
    <ClInclude Include="src\KeyBinding.h">
      <Filter>Input</Filter>
    </ClInclude>
    <ClInclude Include="src\KeyBindingManager.h">
      <Filter>Input</Filter>
    </ClInclude>
    <ClInclude Include="src\DirectionLight.h">
      <Filter>Lighting</Filter>
    </ClInclude>
    <ClInclude Include="src\DirectionLightManager.h">
      <Filter>Lighting</Filter>
    </ClInclude>
    <ClInclude Include="src\LightingTextureMaterial.h">
      <Filter>Texture</Filter>
    </ClInclude>
    <ClInclude Include="src\TextureMaterial.h">
      <Filter>Texture</Filter>
    </ClInclude>
    <ClInclude Include="src\WireframeMaterial.h">
      <Filter>Texture</Filter>
    </ClInclude>
    <ClInclude Include="src\Texture.h">
      <Filter>Texture</Filter>
    </ClInclude>
    <ClInclude Include="src\TextureManager.h">
      <Filter>Texture</Filter>
    </ClInclude>
    <ClInclude Include="src\Animation.h">
      <Filter>Model</Filter>
    </ClInclude>
    <ClInclude Include="src\Bone.h">
      <Filter>Model</Filter>
    </ClInclude>
    <ClInclude Include="src\BoneManager.h">
      <Filter>Model</Filter>
    </ClInclude>
    <ClInclude Include="src\HierarchyElement.h">
      <Filter>Model</Filter>
    </ClInclude>
    <ClInclude Include="src\KeyFrame.h">
      <Filter>Model</Filter>
    </ClInclude>
    <ClInclude Include="src\Mesh.h">
      <Filter>Model</Filter>
    </ClInclude>
    <ClInclude Include="src\Model.h">
      <Filter>Model</Filter>
    </ClInclude>
    <ClInclude Include="src\ModelBase.h">
      <Filter>Model</Filter>
    </ClInclude>
    <ClInclude Include="src\ModelBaseManager.h">
      <Filter>Model</Filter>
    </ClInclude>
    <ClInclude Include="src\Shader.h">
      <Filter>Shading</Filter>
    </ClInclude>
    <ClInclude Include="src\ShaderFactory.h">
      <Filter>Shading</Filter>
    </ClInclude>
    <ClInclude Include="src\ShaderManager.h">
      <Filter>Shading</Filter>
    </ClInclude>
    <ClInclude Include="src\GlobalHeaps.h">
      <Filter>Utility</Filter>
    </ClInclude>
    <ClInclude Include="src\Engine.h">
      <Filter>Core</Filter>
    </ClInclude>
    <ClInclude Include="src\MemorySetup.h">
      <Filter>Core</Filter>
    </ClInclude>
    <ClInclude Include="src\AppInfo.h">
      <Filter>Core</Filter>
    </ClInclude>
    <ClInclude Include="src\ReflectedVect.h">
      <Filter>Utility</Filter>
    </ClInclude>
  </ItemGroup>
  <ItemGroup>
    <FxCompile Include="hlsl\LitTexture.vs.hlsl">
      <Filter>Shading\HLSL</Filter>
    </FxCompile>
    <FxCompile Include="hlsl\UnlitTexture.vs.hlsl">
      <Filter>Shading\HLSL</Filter>
    </FxCompile>
    <FxCompile Include="hlsl\UnlitTexture.ps.hlsl">
      <Filter>Shading\HLSL</Filter>
    </FxCompile>
    <FxCompile Include="hlsl\LitTexture.ps.hlsl">
      <Filter>Shading\HLSL</Filter>
    </FxCompile>
    <FxCompile Include="hlsl\Wireframe.vs.hlsl">
      <Filter>Shading\HLSL</Filter>
    </FxCompile>
    <FxCompile Include="hlsl\Wireframe.ps.hlsl">
      <Filter>Shading\HLSL</Filter>
    </FxCompile>
  </ItemGroup>
</Project>