<?xml version="1.0" encoding="utf-8"?>
<Project ToolsVersion="4.0" xmlns="http://schemas.microsoft.com/developer/msbuild/2003">
  <ItemGroup>
    <Filter Include="src">
      <UniqueIdentifier>{ff80a9f2-88c6-4226-bb88-e1c584b11787}</UniqueIdentifier>
    </Filter>
    <Filter Include="_libs">
      <UniqueIdentifier>{108d3f3a-52e5-4cf3-9b45-34e819be3234}</UniqueIdentifier>
    </Filter>
    <Filter Include="_libs\Shared">
      <UniqueIdentifier>{9515f9ec-1405-4842-9a9e-afd658f99882}</UniqueIdentifier>
    </Filter>
    <Filter Include="_libs\Shared\include">
      <UniqueIdentifier>{ac0ce41d-56a2-4f1a-b90b-19dcefc7b866}</UniqueIdentifier>
    </Filter>
    <Filter Include="_libs\Shared\lib">
      <UniqueIdentifier>{4c97c307-7b8f-45b1-9638-d36284cb0572}</UniqueIdentifier>
    </Filter>
  </ItemGroup>
  <ItemGroup>
    <ClInclude Include="src\Reflection.h">
      <Filter>src</Filter>
    </ClInclude>
    <ClInclude Include="src\BaseClass.h">
      <Filter>src</Filter>
    </ClInclude>
    <ClInclude Include="src\Class.h">
      <Filter>src</Filter>
    </ClInclude>
    <ClInclude Include="src\Variable.h">
      <Filter>src</Filter>
    </ClInclude>
    <ClInclude Include="src\Object.h">
      <Filter>src</Filter>
    </ClInclude>
    <ClInclude Include="src\Writeable.h">
      <Filter>src</Filter>
    </ClInclude>
    <ClInclude Include="src\Readable.h">
      <Filter>src</Filter>
    </ClInclude>
    <ClInclude Include="..\..\ExternLibs\Shared\include\ChunkHeader.h">
      <Filter>_libs\Shared\include</Filter>
    </ClInclude>
    <ClInclude Include="..\..\ExternLibs\Shared\include\GameAssert.h">
      <Filter>_libs\Shared\include</Filter>
    </ClInclude>
    <ClInclude Include="..\..\ExternLibs\Shared\include\PackageHeader.h">
      <Filter>_libs\Shared\include</Filter>
    </ClInclude>
    <ClInclude Include="..\..\ExternLibs\Shared\include\Execute.h">
      <Filter>_libs\Shared\include</Filter>
    </ClInclude>
  </ItemGroup>
  <ItemGroup>
    <ClCompile Include="src\BaseClass.cpp">
      <Filter>src</Filter>
    </ClCompile>
    <ClCompile Include="src\Variable.cpp">
      <Filter>src</Filter>
    </ClCompile>
  </ItemGroup>
  <ItemGroup>
    <Library Include="..\..\ExternLibs\Shared\lib\Shared_Debug.lib">
      <Filter>_libs\Shared\lib</Filter>
    </Library>
    <Library Include="..\..\ExternLibs\Shared\lib\Shared_Release.lib">
      <Filter>_libs\Shared\lib</Filter>
    </Library>
  </ItemGroup>
</Project>