<?xml version="1.0" encoding="utf-8"?>
<Project ToolsVersion="4.0" xmlns="http://schemas.microsoft.com/developer/msbuild/2003">
  <ItemGroup>
    <Filter Include="Actor">
      <UniqueIdentifier>{ae0817a7-985f-4edc-8cb2-6c0d34b144c9}</UniqueIdentifier>
    </Filter>
    <Filter Include="Actor\Strategies">
      <UniqueIdentifier>{905760de-e1e7-4b62-806f-7ccba4b18892}</UniqueIdentifier>
    </Filter>
    <Filter Include="Input">
      <UniqueIdentifier>{652019a1-1256-4966-8601-f2ceb96256c4}</UniqueIdentifier>
    </Filter>
    <Filter Include="Input\Actions">
      <UniqueIdentifier>{77a6cc76-ae65-4227-b6cf-adcf087c82d9}</UniqueIdentifier>
    </Filter>
    <Filter Include="GeneratedFiles">
      <UniqueIdentifier>{a2eef9f0-be58-4e09-b966-48770d2ee558}</UniqueIdentifier>
    </Filter>
    <Filter Include="Model">
      <UniqueIdentifier>{8747a35a-b09b-4e4e-976f-ccadca0f8c2a}</UniqueIdentifier>
    </Filter>
    <Filter Include="Scene">
      <UniqueIdentifier>{0739c861-fe78-4c29-8313-1baf9398a5bd}</UniqueIdentifier>
    </Filter>
  </ItemGroup>
  <ItemGroup>
    <ClInclude Include="src\AnimatingStrategy.h">
      <Filter>Actor\Strategies</Filter>
    </ClInclude>
    <ClInclude Include="src\StationaryStrategy.h">
      <Filter>Actor\Strategies</Filter>
    </ClInclude>
    <ClInclude Include="src\MoveAction.h">
      <Filter>Input\Actions</Filter>
    </ClInclude>
    <ClInclude Include="src\Editor.h" />
    <ClInclude Include="src\ModelObject.h">
      <Filter>Model</Filter>
    </ClInclude>
    <ClInclude Include="src\ActorObject.h">
      <Filter>Actor</Filter>
    </ClInclude>
    <ClInclude Include="src\Scene.h">
      <Filter>Scene</Filter>
    </ClInclude>
  </ItemGroup>
  <ItemGroup>
    <ClCompile Include="src\main.cpp" />
    <ClCompile Include="src\AnimatingStrategy.cpp">
      <Filter>Actor\Strategies</Filter>
    </ClCompile>
    <ClCompile Include="src\StationaryStrategy.cpp">
      <Filter>Actor\Strategies</Filter>
    </ClCompile>
    <ClCompile Include="src\MoveAction.cpp">
      <Filter>Input\Actions</Filter>
    </ClCompile>
    <ClCompile Include="GeneratedFiles\GeneratedReflectionCode.cpp">
      <Filter>GeneratedFiles</Filter>
    </ClCompile>
    <ClCompile Include="src\Editor.cpp" />
    <ClCompile Include="src\ModelObject.cpp">
      <Filter>Model</Filter>
    </ClCompile>
    <ClCompile Include="src\ActorObject.cpp">
      <Filter>Actor</Filter>
    </ClCompile>
    <ClCompile Include="src\Scene.cpp">
      <Filter>Scene</Filter>
    </ClCompile>
  </ItemGroup>
</Project>