<?xml version="1.0" encoding="utf-8"?>
<Project ToolsVersion="4.0" xmlns="http://schemas.microsoft.com/developer/msbuild/2003">
  <ItemGroup>
    <Filter Include="src">
      <UniqueIdentifier>{67c2a404-3ccc-47ac-868d-77965c95529f}</UniqueIdentifier>
    </Filter>
    <Filter Include="_libs">
      <UniqueIdentifier>{29a19521-b401-476f-9629-e79dc7d46639}</UniqueIdentifier>
    </Filter>
    <Filter Include="_libs\Shared">
      <UniqueIdentifier>{2ef7bbee-8a48-48b8-b646-7ddbb135606e}</UniqueIdentifier>
    </Filter>
    <Filter Include="_libs\Shared\include">
      <UniqueIdentifier>{bd86b090-12ae-4ada-b26a-9d43928c0abd}</UniqueIdentifier>
    </Filter>
  </ItemGroup>
  <ItemGroup>
    <ClCompile Include="src\main.cpp">
      <Filter>src</Filter>
    </ClCompile>
    <ClCompile Include="src\md5.cpp">
      <Filter>src</Filter>
    </ClCompile>
  </ItemGroup>
  <ItemGroup>
    <ClInclude Include="src\md5.h">
      <Filter>src</Filter>
    </ClInclude>
    <ClInclude Include="..\..\ExternLibs\Shared\include\ChunkHeader.h">
      <Filter>_libs\Shared\include</Filter>
    </ClInclude>
    <ClInclude Include="..\..\ExternLibs\Shared\include\GameAssert.h">
      <Filter>_libs\Shared\include</Filter>
    </ClInclude>
    <ClInclude Include="..\..\ExternLibs\Shared\include\PackageHeader.h">
      <Filter>_libs\Shared\include</Filter>
    </ClInclude>
  </ItemGroup>
</Project>