<?xml version="1.0" encoding="utf-8"?>
<Project ToolsVersion="4.0" xmlns="http://schemas.microsoft.com/developer/msbuild/2003">
  <ItemGroup>
    <ClCompile Include="src\enable.c">
      <Filter>src</Filter>
    </ClCompile>
    <ClCompile Include="src\fullscreen.c">
      <Filter>src</Filter>
    </ClCompile>
    <ClCompile Include="src\glext.c">
      <Filter>src</Filter>
    </ClCompile>
    <ClCompile Include="src\image.c">
      <Filter>src</Filter>
    </ClCompile>
    <ClCompile Include="src\init.c">
      <Filter>src</Filter>
    </ClCompile>
    <ClCompile Include="src\input.c">
      <Filter>src</Filter>
    </ClCompile>
    <ClCompile Include="src\joystick.c">
      <Filter>src</Filter>
    </ClCompile>
    <ClCompile Include="src\stream.c">
      <Filter>src</Filter>
    </ClCompile>
    <ClCompile Include="src\tga.c">
      <Filter>src</Filter>
    </ClCompile>
    <ClCompile Include="src\thread.c">
      <Filter>src</Filter>
    </ClCompile>
    <ClCompile Include="src\time.c">
      <Filter>src</Filter>
    </ClCompile>
    <ClCompile Include="src\window.c">
      <Filter>src</Filter>
    </ClCompile>
    <ClCompile Include="src\win32\win32_dllmain.c">
      <Filter>src\win32</Filter>
    </ClCompile>
    <ClCompile Include="src\win32\win32_enable.c">
      <Filter>src\win32</Filter>
    </ClCompile>
    <ClCompile Include="src\win32\win32_fullscreen.c">
      <Filter>src\win32</Filter>
    </ClCompile>
    <ClCompile Include="src\win32\win32_glext.c">
      <Filter>src\win32</Filter>
    </ClCompile>
    <ClCompile Include="src\win32\win32_init.c">
      <Filter>src\win32</Filter>
    </ClCompile>
    <ClCompile Include="src\win32\win32_joystick.c">
      <Filter>src\win32</Filter>
    </ClCompile>
    <ClCompile Include="src\win32\win32_thread.c">
      <Filter>src\win32</Filter>
    </ClCompile>
    <ClCompile Include="src\win32\win32_time.c">
      <Filter>src\win32</Filter>
    </ClCompile>
    <ClCompile Include="src\win32\win32_window.c">
      <Filter>src\win32</Filter>
    </ClCompile>
  </ItemGroup>
  <ItemGroup>
    <ClInclude Include="src\internal.h">
      <Filter>src</Filter>
    </ClInclude>
    <ClInclude Include="src\win32\platform.h">
      <Filter>src</Filter>
    </ClInclude>
    <ClInclude Include="include\GL\glfw.h">
      <Filter>include\GL</Filter>
    </ClInclude>
  </ItemGroup>
  <ItemGroup>
    <Filter Include="src">
      <UniqueIdentifier>{6c34093a-3efa-45f9-b9f1-004fc2b47d73}</UniqueIdentifier>
    </Filter>
    <Filter Include="src\win32">
      <UniqueIdentifier>{ab19938a-b36a-478f-93dc-179150219ea8}</UniqueIdentifier>
    </Filter>
    <Filter Include="include">
      <UniqueIdentifier>{b3636fe3-71e7-4ccf-aa5a-0a6cb1e6df5f}</UniqueIdentifier>
    </Filter>
    <Filter Include="include\GL">
      <UniqueIdentifier>{5eccbe9d-8f1e-4a06-bd5f-79cb645e0730}</UniqueIdentifier>
    </Filter>
  </ItemGroup>
</Project>