<?xml version="1.0" encoding="utf-8"?>
<Project ToolsVersion="4.0" xmlns="http://schemas.microsoft.com/developer/msbuild/2003">
  <ItemGroup>
    <ClInclude Include="src\asset_reader.h">
      <Filter>src</Filter>
    </ClInclude>
    <ClInclude Include="..\..\ExternLibs\FileSystem\include\File.h">
      <Filter>_libs\FileSystem\include</Filter>
    </ClInclude>
    <ClInclude Include="..\..\ExternLibs\Shared\include\ChunkHeader.h">
      <Filter>_libs\Shared\include</Filter>
    </ClInclude>
    <ClInclude Include="..\..\ExternLibs\Shared\include\GameAssert.h">
      <Filter>_libs\Shared\include</Filter>
    </ClInclude>
    <ClInclude Include="..\..\ExternLibs\Shared\include\PackageHeader.h">
      <Filter>_libs\Shared\include</Filter>
    </ClInclude>
    <ClInclude Include="..\..\ExternLibs\Shared\include\Execute.h">
      <Filter>_libs\Shared\include</Filter>
    </ClInclude>
  </ItemGroup>
  <ItemGroup>
    <Filter Include="src">
      <UniqueIdentifier>{6fce14a4-1173-4c61-beef-f99a004e4196}</UniqueIdentifier>
    </Filter>
    <Filter Include="_libs">
      <UniqueIdentifier>{4c850a46-70e7-473b-b053-54271cd5c5e9}</UniqueIdentifier>
    </Filter>
    <Filter Include="_libs\FileSystem">
      <UniqueIdentifier>{2972c8aa-de5c-4e6a-89bf-9314b90dfa84}</UniqueIdentifier>
    </Filter>
    <Filter Include="_libs\FileSystem\include">
      <UniqueIdentifier>{7028ba3c-d0da-4ec5-bb18-397c7e1113b2}</UniqueIdentifier>
    </Filter>
    <Filter Include="_libs\FileSystem\lib">
      <UniqueIdentifier>{e8a9a4a8-c135-434f-bdf3-7d5b357e5da0}</UniqueIdentifier>
    </Filter>
    <Filter Include="_libs\Shared">
      <UniqueIdentifier>{1e0b3c6a-9e95-411b-886c-5f44326e1a31}</UniqueIdentifier>
    </Filter>
    <Filter Include="_libs\Shared\include">
      <UniqueIdentifier>{7c54d9ca-2fd2-4a71-b23f-401a5d253c9c}</UniqueIdentifier>
    </Filter>
    <Filter Include="_libs\Shared\lib">
      <UniqueIdentifier>{d015ffcc-8128-4817-ae39-2732cebcabbe}</UniqueIdentifier>
    </Filter>
  </ItemGroup>
  <ItemGroup>
    <ClCompile Include="src\asset_reader.cpp">
      <Filter>src</Filter>
    </ClCompile>
  </ItemGroup>
  <ItemGroup>
    <Library Include="..\..\ExternLibs\FileSystem\lib\FileSystem_Debug.lib">
      <Filter>_libs\FileSystem\lib</Filter>
    </Library>
    <Library Include="..\..\ExternLibs\FileSystem\lib\FileSystem_Release.lib">
      <Filter>_libs\FileSystem\lib</Filter>
    </Library>
    <Library Include="..\..\ExternLibs\Shared\lib\Shared_Debug.lib">
      <Filter>_libs\Shared\lib</Filter>
    </Library>
    <Library Include="..\..\ExternLibs\Shared\lib\Shared_Release.lib">
      <Filter>_libs\Shared\lib</Filter>
    </Library>
  </ItemGroup>
</Project>