<?xml version="1.0" encoding="utf-8"?>
<Project ToolsVersion="4.0" xmlns="http://schemas.microsoft.com/developer/msbuild/2003">
  <ItemGroup>
    <Filter Include="src">
      <UniqueIdentifier>{ae19fb41-35e3-44ba-b87f-e967cae6c013}</UniqueIdentifier>
    </Filter>
    <Filter Include="_libs">
      <UniqueIdentifier>{b77aeebe-f8e9-4756-b495-dc2434ce8454}</UniqueIdentifier>
    </Filter>
    <Filter Include="_libs\Shared">
      <UniqueIdentifier>{9d88894d-a070-430e-9dd5-dbb63bfaf306}</UniqueIdentifier>
    </Filter>
    <Filter Include="_libs\Shared\include">
      <UniqueIdentifier>{c9f69d05-6874-4987-996a-e3e8cd921284}</UniqueIdentifier>
    </Filter>
    <Filter Include="_libs\Shared\lib">
      <UniqueIdentifier>{f44dd1d4-5a65-4e05-8cf6-7b524116932c}</UniqueIdentifier>
    </Filter>
  </ItemGroup>
  <ItemGroup>
    <ClCompile Include="src\main.cpp">
      <Filter>src</Filter>
    </ClCompile>
  </ItemGroup>
  <ItemGroup>
    <ClInclude Include="..\..\ExternLibs\Shared\include\ChunkHeader.h">
      <Filter>_libs\Shared\include</Filter>
    </ClInclude>
    <ClInclude Include="..\..\ExternLibs\Shared\include\GameAssert.h">
      <Filter>_libs\Shared\include</Filter>
    </ClInclude>
    <ClInclude Include="..\..\ExternLibs\Shared\include\PackageHeader.h">
      <Filter>_libs\Shared\include</Filter>
    </ClInclude>
    <ClInclude Include="..\..\ExternLibs\Shared\include\Execute.h">
      <Filter>_libs\Shared\include</Filter>
    </ClInclude>
  </ItemGroup>
  <ItemGroup>
    <Library Include="..\..\ExternLibs\Shared\lib\Shared_Debug.lib">
      <Filter>_libs\Shared\lib</Filter>
    </Library>
    <Library Include="..\..\ExternLibs\Shared\lib\Shared_Release.lib">
      <Filter>_libs\Shared\lib</Filter>
    </Library>
  </ItemGroup>
</Project>